# THIS IS AN AUTOGENERATED FILE. DO NOT EDIT THIS FILE DIRECTLY.
# yarn lockfile v1


"@types/highlight.js@9.1.10":
  version "9.1.10"
  resolved "https://registry.yarnpkg.com/@types/highlight.js/-/highlight.js-9.1.10.tgz#b621f809cd9573b80992b90cffc5788208e3069c"

"@types/markdown-it@0.0.2":
  version "0.0.2"
  resolved "https://registry.yarnpkg.com/@types/markdown-it/-/markdown-it-0.0.2.tgz#5d9ad19e6e6508cdd2f2596df86fd0aade598660"

"@types/node@7.0.43":
  version "7.0.43"
  resolved "https://registry.yarnpkg.com/@types/node/-/node-7.0.43.tgz#a187e08495a075f200ca946079c914e1a5fe962c"

applicationinsights@0.18.0:
  version "0.18.0"
  resolved "https://registry.yarnpkg.com/applicationinsights/-/applicationinsights-0.18.0.tgz#162ebb48a383408bc4de44db32b417307f45bbc1"

argparse@^1.0.7:
  version "1.0.9"
  resolved "https://registry.yarnpkg.com/argparse/-/argparse-1.0.9.tgz#73d83bc263f86e97f8cc4f6bae1b0e90a7d22c86"
  dependencies:
    sprintf-js "~1.0.2"

binaryextensions@~1.0.0:
  version "1.0.1"
  resolved "https://registry.yarnpkg.com/binaryextensions/-/binaryextensions-1.0.1.tgz#1e637488b35b58bda5f4774bf96a5212a8c90755"

core-util-is@~1.0.0:
  version "1.0.2"
  resolved "https://registry.yarnpkg.com/core-util-is/-/core-util-is-1.0.2.tgz#b5fd54220aa2bc5ab57aab7140c940754503c1a7"

entities@~1.1.1:
  version "1.1.1"
  resolved "https://registry.yarnpkg.com/entities/-/entities-1.1.1.tgz#6e5c2d0a5621b5dadaecef80b90edfb5cd7772f0"

escape-string-regexp@^1.0.3:
  version "1.0.5"
  resolved "https://registry.yarnpkg.com/escape-string-regexp/-/escape-string-regexp-1.0.5.tgz#1b61c0562190a8dff6ae3bb2cf0200ca130b86d4"

gulp-rename@^1.2.2:
  version "1.2.2"
  resolved "https://registry.yarnpkg.com/gulp-rename/-/gulp-rename-1.2.2.tgz#3ad4428763f05e2764dec1c67d868db275687817"

gulp-replace@^0.5.4:
  version "0.5.4"
  resolved "https://registry.yarnpkg.com/gulp-replace/-/gulp-replace-0.5.4.tgz#69a67914bbd13c562bff14f504a403796aa0daa9"
  dependencies:
    istextorbinary "1.0.2"
    readable-stream "^2.0.1"
    replacestream "^4.0.0"

highlight.js@9.5.0:
  version "9.5.0"
  resolved "https://registry.yarnpkg.com/highlight.js/-/highlight.js-9.5.0.tgz#46ae51b9db00f70052bcdf196cd404757b6582ae"

inherits@~2.0.3:
  version "2.0.3"
  resolved "https://registry.yarnpkg.com/inherits/-/inherits-2.0.3.tgz#633c2c83e3da42a502f52466022480f4208261de"

isarray@~1.0.0:
  version "1.0.0"
  resolved "https://registry.yarnpkg.com/isarray/-/isarray-1.0.0.tgz#bb935d48582cba168c06834957a54a3e07124f11"

istextorbinary@1.0.2:
  version "1.0.2"
  resolved "https://registry.yarnpkg.com/istextorbinary/-/istextorbinary-1.0.2.tgz#ace19354d1a9a0173efeb1084ce0f87b0ad7decf"
  dependencies:
    binaryextensions "~1.0.0"
    textextensions "~1.0.0"

linkify-it@^2.0.0:
  version "2.0.3"
  resolved "https://registry.yarnpkg.com/linkify-it/-/linkify-it-2.0.3.tgz#d94a4648f9b1c179d64fa97291268bdb6ce9434f"
  dependencies:
    uc.micro "^1.0.1"

markdown-it-named-headers@0.0.4:
  version "0.0.4"
  resolved "https://registry.yarnpkg.com/markdown-it-named-headers/-/markdown-it-named-headers-0.0.4.tgz#82efc28324240a6b1e77b9aae501771d5f351c1f"
  dependencies:
    string "^3.0.1"

markdown-it@^8.4.0:
  version "8.4.0"
  resolved "https://registry.yarnpkg.com/markdown-it/-/markdown-it-8.4.0.tgz#e2400881bf171f7018ed1bd9da441dac8af6306d"
  dependencies:
    argparse "^1.0.7"
    entities "~1.1.1"
    linkify-it "^2.0.0"
    mdurl "^1.0.1"
    uc.micro "^1.0.3"

mdurl@^1.0.1:
  version "1.0.1"
  resolved "https://registry.yarnpkg.com/mdurl/-/mdurl-1.0.1.tgz#fe85b2ec75a59037f2adfec100fd6c601761152e"

object-assign@^4.0.1:
  version "4.1.1"
  resolved "https://registry.yarnpkg.com/object-assign/-/object-assign-4.1.1.tgz#2109adc7965887cfc05cbbd442cac8bfbb360863"

process-nextick-args@~1.0.6:
  version "1.0.7"
  resolved "https://registry.yarnpkg.com/process-nextick-args/-/process-nextick-args-1.0.7.tgz#150e20b756590ad3f91093f25a4f2ad8bff30ba3"

readable-stream@^2.0.1, readable-stream@^2.0.2:
  version "2.3.3"
  resolved "https://registry.yarnpkg.com/readable-stream/-/readable-stream-2.3.3.tgz#368f2512d79f9d46fdfc71349ae7878bbc1eb95c"
  dependencies:
    core-util-is "~1.0.0"
    inherits "~2.0.3"
    isarray "~1.0.0"
    process-nextick-args "~1.0.6"
    safe-buffer "~5.1.1"
    string_decoder "~1.0.3"
    util-deprecate "~1.0.1"

replacestream@^4.0.0:
  version "4.0.2"
  resolved "https://registry.yarnpkg.com/replacestream/-/replacestream-4.0.2.tgz#0c4140707e4f0323f50de044851708cf58bc37bd"
  dependencies:
    escape-string-regexp "^1.0.3"
    object-assign "^4.0.1"
    readable-stream "^2.0.2"

safe-buffer@~5.1.0, safe-buffer@~5.1.1:
  version "5.1.1"
  resolved "https://registry.yarnpkg.com/safe-buffer/-/safe-buffer-5.1.1.tgz#893312af69b2123def71f57889001671eeb2c853"

sprintf-js@~1.0.2:
  version "1.0.3"
  resolved "https://registry.yarnpkg.com/sprintf-js/-/sprintf-js-1.0.3.tgz#04e6926f662895354f3dd015203633b857297e2c"

string@^3.0.1:
  version "3.3.1"
  resolved "https://registry.yarnpkg.com/string/-/string-3.3.1.tgz#8d2757ec1c0e6c526796fbb6b14036a4098398b7"

string_decoder@~1.0.3:
  version "1.0.3"
  resolved "https://registry.yarnpkg.com/string_decoder/-/string_decoder-1.0.3.tgz#0fc67d7c141825de94282dd536bec6b9bce860ab"
  dependencies:
    safe-buffer "~5.1.0"

textextensions@~1.0.0:
  version "1.0.2"
  resolved "https://registry.yarnpkg.com/textextensions/-/textextensions-1.0.2.tgz#65486393ee1f2bb039a60cbba05b0b68bd9501d2"

uc.micro@^1.0.1, uc.micro@^1.0.3:
  version "1.0.3"
  resolved "https://registry.yarnpkg.com/uc.micro/-/uc.micro-1.0.3.tgz#7ed50d5e0f9a9fb0a573379259f2a77458d50192"

util-deprecate@~1.0.1:
  version "1.0.2"
  resolved "https://registry.yarnpkg.com/util-deprecate/-/util-deprecate-1.0.2.tgz#450d4dc9fa70de732762fbd2d4a28981419a0ccf"

vscode-extension-telemetry@0.0.8:
  version "0.0.8"
  resolved "https://registry.yarnpkg.com/vscode-extension-telemetry/-/vscode-extension-telemetry-0.0.8.tgz#2261bff986b6690a6f1f746a45ac5bd1f85d29e0"
  dependencies:
    applicationinsights "0.18.0"
    winreg "1.2.3"

vscode-nls@2.0.2:
  version "2.0.2"
  resolved "https://registry.yarnpkg.com/vscode-nls/-/vscode-nls-2.0.2.tgz#808522380844b8ad153499af5c3b03921aea02da"

winreg@1.2.3:
  version "1.2.3"
  resolved "https://registry.yarnpkg.com/winreg/-/winreg-1.2.3.tgz#93ad116b2696da87d58f7265a8fcea5254a965d5"
