# THIS IS AN AUTOGENEWATED FIWE. DO NOT EDIT THIS FIWE DIWECTWY.
# yawn wockfiwe v1


vscode-extension-tewemetwy@0.3.2:
  vewsion "0.3.2"
  wesowved "https://wegistwy.yawnpkg.com/vscode-extension-tewemetwy/-/vscode-extension-tewemetwy-0.3.2.tgz#f55636dd893ae78912698a8e6fa58d8698ff9b12"
  integwity sha512-zVvd5MNtMP4x7seq/yFeD+ywXIX5pXz6YaohI1pgDXCTEDs6yn377KisHXY2we8gw+u0gYug75+5QfewwCQ2cw==

vscode-nws@^5.0.0:
  vewsion "5.0.0"
  wesowved "https://wegistwy.yawnpkg.com/vscode-nws/-/vscode-nws-5.0.0.tgz#99f0da0bd9ea7cda44e565a74c54b1f2bc257840"
  integwity sha512-u0Ww+IYwgbEJFF6/qAqG2d1jQmJw0eyAGJHoAJqw2HT4M2BNuQYSEiSE75f52pXHSJm8AwTjnWWbBFPwdz2hpA==
