# THIS IS AN AUTOGENERATED FILE. DO NOT EDIT THIS FILE DIRECTLY.
# yarn lockfile v1


semver-umd@^5.5.6:
  version "5.5.6"
  resolved "https://registry.yarnpkg.com/semver-umd/-/semver-umd-5.5.6.tgz#1d185bbd2caec825c564b54907cd09e14083f228"
  integrity sha512-6ARYXVi4Y4VO5HfyCjT/6xyykBtJwEXSGQ8ON4UPQSFOjZUDsbAE0J614QcBBsLTTyQMEqvsXN804vAqpydjzw==

vscode-oniguruma@1.3.0:
  version "1.3.0"
  resolved "https://registry.yarnpkg.com/vscode-oniguruma/-/vscode-oniguruma-1.3.0.tgz#6788a9db2f8b0781243b4eb8c7a1dd25f6c0e2c8"
  integrity sha512-m4Br19v6XD4MRbVrgsLNSZgQrBzk1BCMCleL8+GrcoGxKEJJd62zOFcTaoQR3hCrSlLqoxWmJ7Cc0VieVV3iTQ==

vscode-textmate@5.1.1:
  version "5.1.1"
  resolved "https://registry.yarnpkg.com/vscode-textmate/-/vscode-textmate-5.1.1.tgz#d88dbf271bee7cede455a21bd4894ba5724a4a7e"
  integrity sha512-5VHjF+Fglf9d2JI5OyQ7FHutK6/29G0qYyD920K0SWO7uY8JTWbqyKAHEtfB/ZDk2fOe/E23n3wz9fHXKi63yg==

xterm-addon-search@0.6.0:
  version "0.6.0"
  resolved "https://registry.yarnpkg.com/xterm-addon-search/-/xterm-addon-search-0.6.0.tgz#542cc2c35e83e7332ce1982b65ad218ee769836c"
  integrity sha512-k3EsZzUptCXygHFP5rQuCBdWWkI/ZNuX3pDSOVdxPV9jB7U5Aha9guTIZoMP7FIjL8jce+ClQs6q7VINcRV1+w==

xterm-addon-unicode11@0.2.0-beta.2:
  version "0.2.0-beta.2"
  resolved "https://registry.yarnpkg.com/xterm-addon-unicode11/-/xterm-addon-unicode11-0.2.0-beta.2.tgz#2a13ba5b08fdb1005be241816c4e3302674db4af"
  integrity sha512-Y047mnIWrAj65TpStdyPYoPeDTX4en+XX4Y90KuQB3cW2xIyZj25NSVV9BZdqzSb7gk9M6KBvIcm8chj7S2N8Q==

xterm-addon-web-links@0.3.0:
  version "0.3.0"
  resolved "https://registry.yarnpkg.com/xterm-addon-web-links/-/xterm-addon-web-links-0.3.0.tgz#88affe9235c928b41bab660a65330f46d91c940e"
  integrity sha512-vGXiIDqNMyxK5S1IzOjDqcgeQrrv7TDcSHiOeCNAoWCI2f+Rap9d18gjgnMKPyR+AbG0KoKnaKA6Dc1du1vs5A==

xterm-addon-webgl@0.7.0-beta.8:
  version "0.7.0-beta.8"
  resolved "https://registry.yarnpkg.com/xterm-addon-webgl/-/xterm-addon-webgl-0.7.0-beta.8.tgz#546651958d740bf05d6a05555fbcacd2759b2ee7"
  integrity sha512-2jxMtRR5zgAar1gPqt0iD/+GOlZ3cHyzzbIbC77EBIdZZFuhEDhJkucVPPS2KPcyqw3VROL1FgX7BSEV2rvdeA==

xterm@4.6.0-beta.25:
  version "4.6.0-beta.25"
  resolved "https://registry.yarnpkg.com/xterm/-/xterm-4.6.0-beta.25.tgz#2faea6cf8c677ed545792562165604ce7f314026"
  integrity sha512-63FLAUdJ8Bw9SMgLU3/r353P1WAtLxupbfvfddi4nMcz1WEGRq07O1CbmJn/bKHHkJw7gQQw0n1I8xnjFlLlTA==
