# THIS IS AN AUTOGENERATED FILE. DO NOT EDIT THIS FILE DIRECTLY.
# yarn lockfile v1


"@microsoft/1ds-core-js@3.2.13":
  version "3.2.13"
  resolved "https://registry.yarnpkg.com/@microsoft/1ds-core-js/-/1ds-core-js-3.2.13.tgz#0c105ed75091bae3f1555c0334704fa9911c58fb"
  integrity sha512-CluYTRWcEk0ObG5EWFNWhs87e2qchJUn0p2D21ZUa3PWojPZfPSBs4//WIE0MYV8Qg1Hdif2ZTwlM7TbYUjfAg==
  dependencies:
    "@microsoft/applicationinsights-core-js" "2.8.15"
    "@microsoft/applicationinsights-shims" "^2.0.2"
    "@microsoft/dynamicproto-js" "^1.1.7"

"@microsoft/1ds-core-js@^4.1.0":
  version "4.1.0"
  resolved "https://registry.yarnpkg.com/@microsoft/1ds-core-js/-/1ds-core-js-4.1.0.tgz#c4068231a3a26815113bb1c24e22c5f2684ca738"
  integrity sha512-pZstuGzxrmyKaVoXrBvRjPYLE6/hR/wMN0qBJyAdq+APLLDO73QL2re3+8SM/J24e6ykieQ3mjUPgs8POjNZWA==
  dependencies:
    "@microsoft/applicationinsights-core-js" "3.1.0"
    "@microsoft/applicationinsights-shims" "3.0.1"
    "@microsoft/dynamicproto-js" "^2.0.3"
    "@nevware21/ts-async" ">= 0.3.0 < 2.x"
    "@nevware21/ts-utils" ">= 0.10.5 < 2.x"

"@microsoft/1ds-post-js@^3.2.13":
  version "3.2.13"
  resolved "https://registry.yarnpkg.com/@microsoft/1ds-post-js/-/1ds-post-js-3.2.13.tgz#560aacac8a92fdbb79e8c2ebcb293d56e19f51aa"
  integrity sha512-HgS574fdD19Bo2vPguyznL4eDw7Pcm1cVNpvbvBLWiW3x4e1FCQ3VMXChWnAxCae8Hb0XqlA2sz332ZobBavTA==
  dependencies:
    "@microsoft/1ds-core-js" "3.2.13"
    "@microsoft/applicationinsights-shims" "^2.0.2"
    "@microsoft/dynamicproto-js" "^1.1.7"

"@microsoft/applicationinsights-core-js@2.8.15":
  version "2.8.15"
  resolved "https://registry.yarnpkg.com/@microsoft/applicationinsights-core-js/-/applicationinsights-core-js-2.8.15.tgz#8fa466474260e01967fe649f14dd9e5ff91dcdc8"
  integrity sha512-yYAs9MyjGr2YijQdUSN9mVgT1ijI1FPMgcffpaPmYbHAVbQmF7bXudrBWHxmLzJlwl5rfep+Zgjli2e67lwUqQ==
  dependencies:
    "@microsoft/applicationinsights-shims" "2.0.2"
    "@microsoft/dynamicproto-js" "^1.1.9"

"@microsoft/applicationinsights-core-js@3.1.0":
  version "3.1.0"
  resolved "https://registry.yarnpkg.com/@microsoft/applicationinsights-core-js/-/applicationinsights-core-js-3.1.0.tgz#f8ef9fe591044c3df4dce9f8f242c4fe8be1820c"
  integrity sha512-pHaZ3CQx+KdfRV3yV/xuMEvIEJ1KxlK6klnFcuz4AMXOOPeuvWy1FsUIQ/sVA97TXEDl87LqV6QDnH99bLZpMg==
  dependencies:
    "@microsoft/applicationinsights-shims" "3.0.1"
    "@microsoft/dynamicproto-js" "^2.0.3"
    "@nevware21/ts-async" ">= 0.3.0 < 2.x"
    "@nevware21/ts-utils" ">= 0.10.5 < 2.x"

"@microsoft/applicationinsights-shims@2.0.2", "@microsoft/applicationinsights-shims@^2.0.2":
  version "2.0.2"
  resolved "https://registry.yarnpkg.com/@microsoft/applicationinsights-shims/-/applicationinsights-shims-2.0.2.tgz#92b36a09375e2d9cb2b4203383b05772be837085"
  integrity sha512-PoHEgsnmcqruLNHZ/amACqdJ6YYQpED0KSRe6J7gIJTtpZC1FfFU9b1fmDKDKtFoUSrPzEh1qzO3kmRZP0betg==

"@microsoft/applicationinsights-shims@3.0.1":
  version "3.0.1"
  resolved "https://registry.yarnpkg.com/@microsoft/applicationinsights-shims/-/applicationinsights-shims-3.0.1.tgz#3865b73ace8405b9c4618cc5c571f2fe3876f06f"
  integrity sha512-DKwboF47H1nb33rSUfjqI6ryX29v+2QWcTrRvcQDA32AZr5Ilkr7whOOSsD1aBzwqX0RJEIP1Z81jfE3NBm/Lg==
  dependencies:
    "@nevware21/ts-utils" ">= 0.9.4 < 2.x"

"@microsoft/dynamicproto-js@^1.1.7", "@microsoft/dynamicproto-js@^1.1.9":
  version "1.1.9"
  resolved "https://registry.yarnpkg.com/@microsoft/dynamicproto-js/-/dynamicproto-js-1.1.9.tgz#7437db7aa061162ee94e4131b69a62b8dad5dea6"
  integrity sha512-n1VPsljTSkthsAFYdiWfC+DKzK2WwcRp83Y1YAqdX552BstvsDjft9YXppjUzp11BPsapDoO1LDgrDB0XVsfNQ==

"@microsoft/dynamicproto-js@^2.0.3":
  version "2.0.3"
  resolved "https://registry.yarnpkg.com/@microsoft/dynamicproto-js/-/dynamicproto-js-2.0.3.tgz#ae2b408061e3ff01a97078429fc768331e239256"
  integrity sha512-JTWTU80rMy3mdxOjjpaiDQsTLZ6YSGGqsjURsY6AUQtIj0udlF/jYmhdLZu8693ZIC0T1IwYnFa0+QeiMnziBA==
  dependencies:
    "@nevware21/ts-utils" ">= 0.10.4 < 2.x"

"@nevware21/ts-async@>= 0.3.0 < 2.x":
  version "0.4.0"
  resolved "https://registry.yarnpkg.com/@nevware21/ts-async/-/ts-async-0.4.0.tgz#2a581f0dd436379ec9f448cfab9e5a6a4c349d11"
  integrity sha512-dbV826TTehQIBIJjh8GDSbwn1Z6+cnkyNbRlpcpdBPH8mROD2zabIUKqWcw9WRdTjjUIm21K+OR4DXWlAyOVTQ==
  dependencies:
    "@nevware21/ts-utils" ">= 0.10.0 < 2.x"

"@nevware21/ts-utils@>= 0.10.0 < 2.x", "@nevware21/ts-utils@>= 0.10.4 < 2.x", "@nevware21/ts-utils@>= 0.10.5 < 2.x", "@nevware21/ts-utils@>= 0.9.4 < 2.x":
  version "0.10.5"
  resolved "https://registry.yarnpkg.com/@nevware21/ts-utils/-/ts-utils-0.10.5.tgz#2ec10c4b5d93db39136e8e11143e7feb311e47e0"
  integrity sha512-+TEvP0+l/VBR5bJZoYFV+o6aQQ1O6y80uys5AVyyCKeWvrgWu/yNydqSBQNsk4BuEfkayg7R9+HCJRRRIvptTA==

"@vscode/iconv-lite-umd@0.7.0":
  version "0.7.0"
  resolved "https://registry.yarnpkg.com/@vscode/iconv-lite-umd/-/iconv-lite-umd-0.7.0.tgz#d2f1e0664ee6036408f9743fee264ea0699b0e48"
  integrity sha512-bRRFxLfg5dtAyl5XyiVWz/ZBPahpOpPrNYnnHpOpUZvam4tKH35wdhP4Kj6PbM0+KdliOsPzbGWpkxcdpNB/sg==

"@vscode/vscode-languagedetection@1.0.22":
  version "1.0.22"
  resolved "https://registry.yarnpkg.com/@vscode/vscode-languagedetection/-/vscode-languagedetection-1.0.22.tgz#92f4b74834167bdf27233efde7704430150ea75a"
  integrity sha512-rQ/BgMyLuIXSmbA0MSkIPHtcOw14QkeDbAq19sjvaS9LTRr905yij0S8lsyqN5JgOsbtIx7pAcyOxFMzPmqhZQ==

"@xterm/addon-canvas@0.6.0-beta.20":
  version "0.6.0-beta.20"
  resolved "https://registry.yarnpkg.com/@xterm/addon-canvas/-/addon-canvas-0.6.0-beta.20.tgz#078dddef70caf880b2cb121fdda37d301fc13156"
  integrity sha512-tHhsuqElE7LNiDJPbZzgVpmbcG2Dk6i2vh1EI+DzSByUWScDqLoeJbVPE5Xd2UW2garo24lxErpnIAlsytcA3A==

"@xterm/addon-image@0.7.0-beta.18":
  version "0.7.0-beta.18"
  resolved "https://registry.yarnpkg.com/@xterm/addon-image/-/addon-image-0.7.0-beta.18.tgz#588ea2d0841cff48c63bde1bfcdf56e9494dc6af"
  integrity sha512-+HQ+IBmHPelzjRJ5zO3XkjbeQNr2Zrf5wAlbPhy4EGSD0mDCqHJSfzZ8wKrhx7t8qpfiA8eTpWu/M76WsEnlnA==

"@xterm/addon-search@0.15.0":
  version "0.15.0"
  resolved "https://registry.yarnpkg.com/@xterm/addon-search/-/addon-search-0.15.0.tgz#5c772d5f14c26546c4bfbeb0c3d4b3333057411f"
  integrity sha512-ZBZKLQ+EuKE83CqCmSSz5y1tx+aNOCUaA7dm6emgOX+8J9H1FWXZyrKfzjwzV+V14TV3xToz1goIeRhXBS5qjg==

"@xterm/addon-serialize@0.12.0-beta.20":
  version "0.12.0-beta.20"
  resolved "https://registry.yarnpkg.com/@xterm/addon-serialize/-/addon-serialize-0.12.0-beta.20.tgz#5fe126194ff4dc466b92a0946e081e039a14ad21"
  integrity sha512-GdRCQDjLyVNBxCFnhfCWsMmuqv2PryUkOaNl4z5MqB5lBUkiEnRNY0u/s5f34+2zrijp3h0O/f9JDLW4gSUQgw==

"@xterm/addon-unicode11@0.7.0-beta.20":
  version "0.7.0-beta.20"
  resolved "https://registry.yarnpkg.com/@xterm/addon-unicode11/-/addon-unicode11-0.7.0-beta.20.tgz#5d3c97320898dd6766f2dc127deb4f071c8698c2"
  integrity sha512-4/uwJ6lV/xJplT7hJc7sO4Im4XNvEXHnUEFIs03FFp8ZUfu3U6wcBk6/GoKMwJKJtGVNxotiD6ZzJ5v8IBH6nA==

"@xterm/addon-webgl@0.17.0-beta.20":
  version "0.17.0-beta.20"
  resolved "https://registry.yarnpkg.com/@xterm/addon-webgl/-/addon-webgl-0.17.0-beta.20.tgz#443845ac5ac755cf762b105ed237b30426b07137"
  integrity sha512-iqvXNSTfKIcO9FBraNwdO/ixPrTHok8CBN/wjlnGLv0ZMc4zLAiKE8+PHyg9ZY38QJfS+4Ouo8KsuZwoOYfnNA==

"@xterm/xterm@5.4.0-beta.20":
  version "5.4.0-beta.20"
  resolved "https://registry.yarnpkg.com/@xterm/xterm/-/xterm-5.4.0-beta.20.tgz#28bbbbc73eceb6ef3e1e095de195cf849d0cbfb6"
  integrity sha512-nkY91qBy5pe1HlW9LOoLcyG6v4teEsliEtUVshAO42NrJDaPniSn28O5m5832UjZOdjLCY58QlcBkZUquODGrQ==

jschardet@3.0.0:
  version "3.0.0"
  resolved "https://registry.yarnpkg.com/jschardet/-/jschardet-3.0.0.tgz#898d2332e45ebabbdb6bf2feece9feea9a99e882"
  integrity sha512-lJH6tJ77V8Nzd5QWRkFYCLc13a3vADkh3r/Fi8HupZGWk2OVVDfnZP8V/VgQgZ+lzW0kG2UGb5hFgt3V3ndotQ==

tas-client-umd@0.1.8:
  version "0.1.8"
  resolved "https://registry.yarnpkg.com/tas-client-umd/-/tas-client-umd-0.1.8.tgz#38bd32d49545417a0ea67fb618e646298e1b67cc"
  integrity sha512-0jAAujLmjjGXf9PzrNpjOrr/6CTpSOp8jX80NOHK5nlOTWWpwaZ16EOyrPdHnm2bVfPHvT0/RAD0xyiQHGQvCQ==

vscode-oniguruma@2.0.1:
  version "2.0.1"
  resolved "https://registry.yarnpkg.com/vscode-oniguruma/-/vscode-oniguruma-2.0.1.tgz#1196a343635ff8d42eb880e325b5f4e70731c02f"
  integrity sha512-poJU8iHIWnC3vgphJnrLZyI3YdqRlR27xzqDmpPXYzA93R4Gk8z7T6oqDzDoHjoikA2aS82crdXFkjELCdJsjQ==

vscode-textmate@9.0.0:
  version "9.0.0"
  resolved "https://registry.yarnpkg.com/vscode-textmate/-/vscode-textmate-9.0.0.tgz#313c6c8792b0507aef35aeb81b6b370b37c44d6c"
  integrity sha512-Cl65diFGxz7gpwbav10HqiY/eVYTO1sjQpmRmV991Bj7wAoOAjGQ97PpQcXorDE2Uc4hnGWLY17xme+5t6MlSg==
