# THIS IS AN AUTOGENERATED FILE. DO NOT EDIT THIS FILE DIRECTLY.
# yarn lockfile v1


"@microsoft/1ds-core-js@3.2.13", "@microsoft/1ds-core-js@^3.2.13":
  version "3.2.13"
  resolved "https://registry.yarnpkg.com/@microsoft/1ds-core-js/-/1ds-core-js-3.2.13.tgz#0c105ed75091bae3f1555c0334704fa9911c58fb"
  integrity sha512-CluYTRWcEk0ObG5EWFNWhs87e2qchJUn0p2D21ZUa3PWojPZfPSBs4//WIE0MYV8Qg1Hdif2ZTwlM7TbYUjfAg==
  dependencies:
    "@microsoft/applicationinsights-core-js" "2.8.15"
    "@microsoft/applicationinsights-shims" "^2.0.2"
    "@microsoft/dynamicproto-js" "^1.1.7"

"@microsoft/1ds-post-js@^3.2.13":
  version "3.2.13"
  resolved "https://registry.yarnpkg.com/@microsoft/1ds-post-js/-/1ds-post-js-3.2.13.tgz#560aacac8a92fdbb79e8c2ebcb293d56e19f51aa"
  integrity sha512-HgS574fdD19Bo2vPguyznL4eDw7Pcm1cVNpvbvBLWiW3x4e1FCQ3VMXChWnAxCae8Hb0XqlA2sz332ZobBavTA==
  dependencies:
    "@microsoft/1ds-core-js" "3.2.13"
    "@microsoft/applicationinsights-shims" "^2.0.2"
    "@microsoft/dynamicproto-js" "^1.1.7"

"@microsoft/applicationinsights-core-js@2.8.15":
  version "2.8.15"
  resolved "https://registry.yarnpkg.com/@microsoft/applicationinsights-core-js/-/applicationinsights-core-js-2.8.15.tgz#8fa466474260e01967fe649f14dd9e5ff91dcdc8"
  integrity sha512-yYAs9MyjGr2YijQdUSN9mVgT1ijI1FPMgcffpaPmYbHAVbQmF7bXudrBWHxmLzJlwl5rfep+Zgjli2e67lwUqQ==
  dependencies:
    "@microsoft/applicationinsights-shims" "2.0.2"
    "@microsoft/dynamicproto-js" "^1.1.9"

"@microsoft/applicationinsights-shims@2.0.2", "@microsoft/applicationinsights-shims@^2.0.2":
  version "2.0.2"
  resolved "https://registry.yarnpkg.com/@microsoft/applicationinsights-shims/-/applicationinsights-shims-2.0.2.tgz#92b36a09375e2d9cb2b4203383b05772be837085"
  integrity sha512-PoHEgsnmcqruLNHZ/amACqdJ6YYQpED0KSRe6J7gIJTtpZC1FfFU9b1fmDKDKtFoUSrPzEh1qzO3kmRZP0betg==

"@microsoft/dynamicproto-js@^1.1.7", "@microsoft/dynamicproto-js@^1.1.9":
  version "1.1.9"
  resolved "https://registry.yarnpkg.com/@microsoft/dynamicproto-js/-/dynamicproto-js-1.1.9.tgz#7437db7aa061162ee94e4131b69a62b8dad5dea6"
  integrity sha512-n1VPsljTSkthsAFYdiWfC+DKzK2WwcRp83Y1YAqdX552BstvsDjft9YXppjUzp11BPsapDoO1LDgrDB0XVsfNQ==

"@vscode/iconv-lite-umd@0.7.0":
  version "0.7.0"
  resolved "https://registry.yarnpkg.com/@vscode/iconv-lite-umd/-/iconv-lite-umd-0.7.0.tgz#d2f1e0664ee6036408f9743fee264ea0699b0e48"
  integrity sha512-bRRFxLfg5dtAyl5XyiVWz/ZBPahpOpPrNYnnHpOpUZvam4tKH35wdhP4Kj6PbM0+KdliOsPzbGWpkxcdpNB/sg==

"@vscode/vscode-languagedetection@1.0.21":
  version "1.0.21"
  resolved "https://registry.yarnpkg.com/@vscode/vscode-languagedetection/-/vscode-languagedetection-1.0.21.tgz#89b48f293f6aa3341bb888c1118d16ff13b032d3"
  integrity sha512-zSUH9HYCw5qsCtd7b31yqkpaCU6jhtkKLkvOOA8yTrIRfBSOFb8PPhgmMicD7B/m+t4PwOJXzU1XDtrM9Fd3/g==

"@xterm/addon-image@0.9.0-beta.19":
  version "0.9.0-beta.19"
  resolved "https://registry.yarnpkg.com/@xterm/addon-image/-/addon-image-0.9.0-beta.19.tgz#3823382e5c55268998f0e0d8d77e8b7810925830"
  integrity sha512-LX9g03po3mXYE/HZFoKbdnIRvdD56Qw84FpQ9LCJGDsyx9SFIf47DXLS+lXCEpJ2hjKIing46BQxP+MDEayXDw==

"@xterm/addon-search@0.16.0-beta.19":
  version "0.16.0-beta.19"
  resolved "https://registry.yarnpkg.com/@xterm/addon-search/-/addon-search-0.16.0-beta.19.tgz#46b3374eb312a1bff974a5df188b1ebf777ff49d"
  integrity sha512-iTJVUEsKSdL8SyhcDBqN6gYxhqv0wrwtP1QCUGLKNAAVDI7HKVgig3V9wToqRxYfOnu/anyU+u0qFUoKCRLnCg==

"@xterm/addon-serialize@0.14.0-beta.19":
  version "0.14.0-beta.19"
  resolved "https://registry.yarnpkg.com/@xterm/addon-serialize/-/addon-serialize-0.14.0-beta.19.tgz#c7a0a0e5f5b1bd94a35a775ec6224ba42282556c"
  integrity sha512-D+BiXQfuxDb3azAIBq1RJTQGZlvo459V6U/2s/3dKpTAvRybqCRMazuf8cLoffUoNcjTb3uSWpii9+MVVvHIrQ==

"@xterm/addon-unicode11@0.9.0-beta.19":
  version "0.9.0-beta.19"
  resolved "https://registry.yarnpkg.com/@xterm/addon-unicode11/-/addon-unicode11-0.9.0-beta.19.tgz#529d8b22d9378cff8c31df1b7e76250b2f8079c3"
  integrity sha512-0Umiu9GkjwL/jaT85Rcfka9HVyJw3UhJsnOVOVZd/3YBZqMY2SZMHqz73W/qpXl5nz6vvyCWKbpkfddsJhpToA==

"@xterm/addon-webgl@0.19.0-beta.19":
  version "0.19.0-beta.19"
  resolved "https://registry.yarnpkg.com/@xterm/addon-webgl/-/addon-webgl-0.19.0-beta.19.tgz#655d1e27b1249c19352c65a8ea1d0bf319397b35"
  integrity sha512-Y5efISx8X5hpFAsPOTza1Fp0xiD8x+l3MuH+mv68v1El8tpna/MW5EM4oX25qYOsPDZY00mpmkBmPbAT5loMEg==

"@xterm/xterm@5.6.0-beta.19":
  version "5.6.0-beta.19"
  resolved "https://registry.yarnpkg.com/@xterm/xterm/-/xterm-5.6.0-beta.19.tgz#2cc292fc93b25c7c655ed6d1f0425a636b36747d"
  integrity sha512-mGoJxrUxAL4dueZEqw2e23KCrGNSvYaw5twTnccKqK7lITK/hDrosWCxb1jL1AjFf7bBzMxw9/dZdhWncKQQmw==

jschardet@3.1.2:
  version "3.1.2"
  resolved "https://registry.yarnpkg.com/jschardet/-/jschardet-3.1.2.tgz#9bf4364deba0677fe9e3bd9e29eda57febf2e9db"
  integrity sha512-mw3CBZGzW8nUBPYhFU2ztZ/kJ6NClQUQVpyzvFMfznZsoC///ZQ30J2RCUanNsr5yF22LqhgYr/lj807/ZleWA==

tas-client-umd@0.2.0:
  version "0.2.0"
  resolved "https://registry.yarnpkg.com/tas-client-umd/-/tas-client-umd-0.2.0.tgz#b71cc28f4c9b14f7b62f1ca4669886aa197e390c"
  integrity sha512-oezN7mJVm5qZDVEby7OzxCLKUpUN5of0rY4dvOWaDF2JZBlGpd3BXceFN8B53qlTaIkVSzP65aAMT0Vc+/N25Q==

vscode-oniguruma@1.7.0:
  version "1.7.0"
  resolved "https://registry.yarnpkg.com/vscode-oniguruma/-/vscode-oniguruma-1.7.0.tgz#439bfad8fe71abd7798338d1cd3dc53a8beea94b"
  integrity sha512-L9WMGRfrjOhgHSdOYgCt/yRMsXzLDJSL7BPrOZt73gU0iWO4mpqzqQzOz5srxqTvMBaR0XZTSrVWo4j55Rc6cA==

vscode-textmate@9.0.0:
  version "9.0.0"
  resolved "https://registry.yarnpkg.com/vscode-textmate/-/vscode-textmate-9.0.0.tgz#313c6c8792b0507aef35aeb81b6b370b37c44d6c"
  integrity sha512-Cl65diFGxz7gpwbav10HqiY/eVYTO1sjQpmRmV991Bj7wAoOAjGQ97PpQcXorDE2Uc4hnGWLY17xme+5t6MlSg==
