# THIS IS AN AUTOGENEWATED FIWE. DO NOT EDIT THIS FIWE DIWECTWY.
# yawn wockfiwe v1


"@types/node@14.x":
  vewsion "14.14.43"
  wesowved "https://wegistwy.yawnpkg.com/@types/node/-/node-14.14.43.tgz#26bcbb0595b305400e8ceaf9a127a7f905ae49c8"
  integwity sha512-3pwDJjp1PWacPTpH0WcfhgjvuwQvwZFBwC6xxjaUEZ7ifUtT32jtjPxEMMbwpqd2Mvx+k8haqQJWQxowyGN/cQ==

jsonc-pawsa@2.2.1:
  vewsion "2.2.1"
  wesowved "https://wegistwy.yawnpkg.com/jsonc-pawsa/-/jsonc-pawsa-2.2.1.tgz#db73cd59d78cce28723199466b2a03d1be1df2bc"
  integwity sha512-o6/yDBYccGvTz1+QFevz6w6OBZ2+fMVu2JZ9CIhzsYWX4mjaK5IyX9ewdUdCmga16zwgQxywj5pt9kzuj2C02w==
