# THIS IS AN AUTOGENERATED FILE. DO NOT EDIT THIS FILE DIRECTLY.
# yarn lockfile v1


"@enonic/fnv-plus@^1.3.0":
  version "1.3.0"
  resolved "https://registry.yarnpkg.com/@enonic/fnv-plus/-/fnv-plus-1.3.0.tgz#be65a7b128a3b544f60aea3ef978d938e85869f3"
  integrity sha512-BCN9uNWH8AmiP7BXBJqEinUY9KXalmRzo+L0cB/mQsmFfzODxwQrbvxCHXUNH2iP+qKkWYtB4vyy8N62PViMFw==

"@jupyterlab/nbformat@^3.2.9":
  version "3.2.9"
  resolved "https://registry.yarnpkg.com/@jupyterlab/nbformat/-/nbformat-3.2.9.tgz#e7d854719612133498af4280d9a8caa0873205b0"
  integrity sha512-WSf9OQo8yfFjyodbXRdFoaNwMkaAL5jFZiD6V2f8HqI380ipansWrrV7R9CGzPfgKHpUGZMO1tYKmUwzMhvZ4w==
  dependencies:
    "@lumino/coreutils" "^1.5.3"

"@lumino/coreutils@^1.5.3":
  version "1.12.0"
  resolved "https://registry.yarnpkg.com/@lumino/coreutils/-/coreutils-1.12.0.tgz#fbdef760f736eaf2bd396a5c6fc3a68a4b449b15"
  integrity sha512-DSglh4ylmLi820CNx9soJmDJCpUgymckdWeGWuN0Ash5g60oQvrQDfosVxEhzmNvtvXv45WZEqSBzDP6E5SEmQ==

"@types/uuid@^8.3.1":
  version "8.3.1"
  resolved "https://registry.yarnpkg.com/@types/uuid/-/uuid-8.3.1.tgz#1a32969cf8f0364b3d8c8af9cc3555b7805df14f"
  integrity sha512-Y2mHTRAbqfFkpjldbkHGY8JIzRN6XqYRliG8/24FcHm2D2PwW24fl5xMRTVGdrb7iMrwCaIEbLWerGIkXuFWVg==

detect-indent@^6.0.0:
  version "6.1.0"
  resolved "https://registry.yarnpkg.com/detect-indent/-/detect-indent-6.1.0.tgz#592485ebbbf6b3b1ab2be175c8393d04ca0d57e6"
  integrity sha512-reYkTUJAZb9gUuZ2RvVCNhVHdg62RHnJ7WJl8ftMi4diZ6NWlciOzQN88pUhSELEwflJht4oQDv0F0BMlwaYtA==

uuid@^8.3.2:
  version "8.3.2"
  resolved "https://registry.yarnpkg.com/uuid/-/uuid-8.3.2.tgz#80d5b5ced271bb9af6c445f21a1a04c606cefbe2"
  integrity sha512-+NYs2QeMWy+GWFOEm9xnn6HCDp0l7QBD7ml8zLUmJ+93Q5NF0NocErnwkTkXVFNiX3/fpC6afS8Dhb/gz7R7eg==
