# THIS IS AN AUTOGENERATED FILE. DO NOT EDIT THIS FILE DIRECTLY.
# yarn lockfile v1


"@types/mocha@2.2.33":
  version "2.2.33"
  resolved "https://registry.yarnpkg.com/@types/mocha/-/mocha-2.2.33.tgz#d79a0061ec270379f4d9e225f4096fb436669def"

"@types/node@7.0.43":
  version "7.0.43"
  resolved "https://registry.yarnpkg.com/@types/node/-/node-7.0.43.tgz#a187e08495a075f200ca946079c914e1a5fe962c"

vscode-css-languageservice@^3.0.9-next.10:
  version "3.0.9-next.10"
  resolved "https://registry.yarnpkg.com/vscode-css-languageservice/-/vscode-css-languageservice-3.0.9-next.10.tgz#be73d571221176b43d2c398a4a27f7d38206952d"
  dependencies:
    vscode-languageserver-types "^3.6.1"
    vscode-nls "^3.2.1"

vscode-html-languageservice@^2.1.3-next.3:
  version "2.1.3-next.3"
  resolved "https://registry.yarnpkg.com/vscode-html-languageservice/-/vscode-html-languageservice-2.1.3-next.3.tgz#20c4a0ae673815b598a7e132b5ef03a6920fa7af"
  dependencies:
    vscode-languageserver-types "^3.6.1"
    vscode-nls "^3.2.1"
    vscode-uri "^1.0.3"

vscode-jsonrpc@^3.6.0:
  version "3.6.0"
  resolved "https://registry.yarnpkg.com/vscode-jsonrpc/-/vscode-jsonrpc-3.6.0.tgz#848d56995d5168950d84feb5d9c237ae5c6a02d4"

vscode-languageserver-protocol-foldingprovider@^2.0.0-next.2:
  version "2.0.0-next.2"
  resolved "https://registry.yarnpkg.com/vscode-languageserver-protocol-foldingprovider/-/vscode-languageserver-protocol-foldingprovider-2.0.0-next.2.tgz#fbb9cfdf5b8c4ac451826ba6312f1f88379f35b0"
  dependencies:
    vscode-languageserver-protocol "^3.6.0"
    vscode-languageserver-types "^3.6.0"

vscode-languageserver-protocol@^3.6.0:
  version "3.6.0"
  resolved "https://registry.yarnpkg.com/vscode-languageserver-protocol/-/vscode-languageserver-protocol-3.6.0.tgz#579642cdcccf74b0cd771c33daa3239acb40d040"
  dependencies:
    vscode-jsonrpc "^3.6.0"
    vscode-languageserver-types "^3.6.0"

vscode-languageserver-types@^3.6.0, vscode-languageserver-types@^3.6.1:
  version "3.6.1"
  resolved "https://registry.yarnpkg.com/vscode-languageserver-types/-/vscode-languageserver-types-3.6.1.tgz#4bc06a48dff653495f12f94b8b1e228988a1748d"

vscode-languageserver@^4.0.0:
  version "4.0.0"
  resolved "https://registry.yarnpkg.com/vscode-languageserver/-/vscode-languageserver-4.0.0.tgz#8b792f0d6d10acfe363d02371ed4ce53d08af88a"
  dependencies:
    vscode-languageserver-protocol "^3.6.0"
    vscode-uri "^1.0.1"

vscode-nls@^3.2.1:
  version "3.2.1"
  resolved "https://registry.yarnpkg.com/vscode-nls/-/vscode-nls-3.2.1.tgz#b1f3e04e8a94a715d5a7bcbc8339c51e6d74ca51"

vscode-nls@^3.2.2:
  version "3.2.2"
  resolved "https://registry.yarnpkg.com/vscode-nls/-/vscode-nls-3.2.2.tgz#3817eca5b985c2393de325197cf4e15eb2aa5350"

vscode-uri@^1.0.1:
  version "1.0.1"
  resolved "https://registry.yarnpkg.com/vscode-uri/-/vscode-uri-1.0.1.tgz#11a86befeac3c4aa3ec08623651a3c81a6d0bbc8"

vscode-uri@^1.0.3:
  version "1.0.3"
  resolved "https://registry.yarnpkg.com/vscode-uri/-/vscode-uri-1.0.3.tgz#631bdbf716dccab0e65291a8dc25c23232085a52"
