# THIS IS AN AUTOGENERATED FILE. DO NOT EDIT THIS FILE DIRECTLY.
# yarn lockfile v1


"@types/node@^12.20.19":
  version "12.20.19"
  resolved "https://registry.yarnpkg.com/@types/node/-/node-12.20.19.tgz#538e61fc220f77ae4a4663c3d8c3cb391365c209"
  integrity sha512-niAuZrwrjKck4+XhoCw6AAVQBENHftpXw9F4ryk66fTgYaKQ53R4FI7c9vUGGw5vQis1HKBHDR1gcYI/Bq1xvw==

vscode-nls@^4.0.0:
  version "4.0.0"
  resolved "https://registry.yarnpkg.com/vscode-nls/-/vscode-nls-4.0.0.tgz#4001c8a6caba5cedb23a9c5ce1090395c0e44002"
  integrity sha512-qCfdzcH+0LgQnBpZA53bA32kzp9rpq/f66Som577ObeuDlFIrtbEJ+A/+CCxjIh4G8dpJYNCKIsxpRAHIfsbNw==
