# THIS IS AN AUTOGENERATED FILE. DO NOT EDIT THIS FILE DIRECTLY.
# yarn lockfile v1


"@types/node@^8.10.25":
  version "8.10.25"
  resolved "https://registry.yarnpkg.com/@types/node/-/node-8.10.25.tgz#801fe4e39372cef18f268db880a5fbfcf71adc7e"

jsonc-parser@^1.0.0:
  version "1.0.0"
  resolved "https://registry.yarnpkg.com/jsonc-parser/-/jsonc-parser-1.0.0.tgz#ddcc864ae708e60a7a6dd36daea00172fa8d9272"

vscode-nls@^3.2.4:
  version "3.2.4"
  resolved "https://registry.yarnpkg.com/vscode-nls/-/vscode-nls-3.2.4.tgz#2166b4183c8aea884d20727f5449e62be69fd398"
