# THIS IS AN AUTOGENERATED FILE. DO NOT EDIT THIS FILE DIRECTLY.
# yarn lockfile v1


"@emmetio/extract-abbreviation@^0.1.4":
  version "0.1.4"
  resolved "https://registry.yarnpkg.com/@emmetio/extract-abbreviation/-/extract-abbreviation-0.1.4.tgz#f5be070db97901ecc37e5204f2ace68242cdcefa"

"@types/mocha@2.2.33":
  version "2.2.33"
  resolved "https://registry.yarnpkg.com/@types/mocha/-/mocha-2.2.33.tgz#d79a0061ec270379f4d9e225f4096fb436669def"

"@types/node@7.0.43":
  version "7.0.43"
  resolved "https://registry.yarnpkg.com/@types/node/-/node-7.0.43.tgz#a187e08495a075f200ca946079c914e1a5fe962c"

jsonc-parser@^1.0.0:
  version "1.0.0"
  resolved "https://registry.yarnpkg.com/jsonc-parser/-/jsonc-parser-1.0.0.tgz#ddcc864ae708e60a7a6dd36daea00172fa8d9272"

vscode-css-languageservice@^3.0.6:
  version "3.0.6"
  resolved "https://registry.yarnpkg.com/vscode-css-languageservice/-/vscode-css-languageservice-3.0.6.tgz#0e9230347040ba0161fba941885195215ec9be40"
  dependencies:
    vscode-languageserver-types "^3.6.0-next.1"
    vscode-nls "^2.0.1"

vscode-emmet-helper@^1.1.34:
  version "1.1.35"
  resolved "https://registry.yarnpkg.com/vscode-emmet-helper/-/vscode-emmet-helper-1.1.35.tgz#1a704811d573df55cb313e232d5b2e6ea6dca96c"
  dependencies:
    "@emmetio/extract-abbreviation" "^0.1.4"
    jsonc-parser "^1.0.0"
    vscode-languageserver-types "^3.6.0-next.1"

vscode-jsonrpc@^3.6.0-next.1:
  version "3.6.0-next.1"
  resolved "https://registry.yarnpkg.com/vscode-jsonrpc/-/vscode-jsonrpc-3.6.0-next.1.tgz#3cb463dffe5842d6aec16718ca9252708cd6aabe"

vscode-languageserver-protocol@^3.6.0-next.5:
  version "3.6.0-next.5"
  resolved "https://registry.yarnpkg.com/vscode-languageserver-protocol/-/vscode-languageserver-protocol-3.6.0-next.5.tgz#ed2ec2db759826f753c0a13977dfb2bedc4d31b3"
  dependencies:
    vscode-jsonrpc "^3.6.0-next.1"
    vscode-languageserver-types "^3.6.0-next.1"

vscode-languageserver-types@^3.6.0-next.1:
  version "3.6.0-next.1"
  resolved "https://registry.yarnpkg.com/vscode-languageserver-types/-/vscode-languageserver-types-3.6.0-next.1.tgz#98e488d3f87b666b4ee1a3d89f0023e246d358f3"

vscode-languageserver@4.0.0-next.4:
  version "4.0.0-next.4"
  resolved "https://registry.yarnpkg.com/vscode-languageserver/-/vscode-languageserver-4.0.0-next.4.tgz#162440b15bedaab07e1676f046e4d9b8578b3d92"
  dependencies:
    vscode-languageserver-protocol "^3.6.0-next.5"
    vscode-uri "^1.0.1"

vscode-nls@^2.0.1:
  version "2.0.2"
  resolved "https://registry.yarnpkg.com/vscode-nls/-/vscode-nls-2.0.2.tgz#808522380844b8ad153499af5c3b03921aea02da"

vscode-uri@^1.0.1:
  version "1.0.1"
  resolved "https://registry.yarnpkg.com/vscode-uri/-/vscode-uri-1.0.1.tgz#11a86befeac3c4aa3ec08623651a3c81a6d0bbc8"
