# THIS IS AN AUTOGENERATED FILE. DO NOT EDIT THIS FILE DIRECTLY.
# yarn lockfile v1


"@types/node@^12.19.9":
  version "12.19.9"
  resolved "https://registry.yarnpkg.com/@types/node/-/node-12.19.9.tgz#990ad687ad8b26ef6dcc34a4f69c33d40c95b679"
  integrity sha512-yj0DOaQeUrk3nJ0bd3Y5PeDRJ6W0r+kilosLA+dzF3dola/o9hxhMSg2sFvVcA2UHS5JSOsZp4S0c1OEXc4m1Q==

"@types/p-limit@^2.2.0":
  version "2.2.0"
  resolved "https://registry.yarnpkg.com/@types/p-limit/-/p-limit-2.2.0.tgz#94a608e9b258a6c6156a13d1a14fd720dba70b97"
  integrity sha512-fGFbybl1r0oE9mqgfc2EHHUin9ZL5rbQIexWI6jYRU1ADVn4I3LHzT+g/kpPpZsfp8PB94CQ655pfAjNF8LP6A==
  dependencies:
    p-limit "*"

p-limit@*, p-limit@^3.0.2:
  version "3.0.2"
  resolved "https://registry.yarnpkg.com/p-limit/-/p-limit-3.0.2.tgz#1664e010af3cadc681baafd3e2a437be7b0fb5fe"
  integrity sha512-iwqZSOoWIW+Ew4kAGUlN16J4M7OB3ysMLSZtnhmqx7njIHFPlxWBX8xo3lVTyFVq6mI/lL9qt2IsN1sHwaxJkg==
  dependencies:
    p-try "^2.0.0"

p-try@^2.0.0:
  version "2.2.0"
  resolved "https://registry.yarnpkg.com/p-try/-/p-try-2.2.0.tgz#cb2868540e313d61de58fafbe35ce9004d5540e6"
  integrity sha512-R4nPAVTAU0B9D35/Gk3uJf/7XYbQcyohSKdvAxIRSNghFl4e71hVoGnBNQz9cWaXxO2I10KTC+3jMdvvoKw6dQ==
