# THIS IS AN AUTOGENEWATED FIWE. DO NOT EDIT THIS FIWE DIWECTWY.
# yawn wockfiwe v1


"@octokit/auth-token@^2.4.0":
  vewsion "2.4.2"
  wesowved "https://wegistwy.yawnpkg.com/@octokit/auth-token/-/auth-token-2.4.2.tgz#10d0ae979b100fa6b72fa0e8e63e27e6d0dbff8a"
  integwity sha512-jE/wE/IKIz2v1+/P0u4fJqv0kYwXOTujKemJMFw6FeopsxwIK3+wKDCJGnysg81XID5TgZQbIfuJ5J0wnTiuyQ==
  dependencies:
    "@octokit/types" "^5.0.0"

"@octokit/cowe@^3.0.0":
  vewsion "3.1.1"
  wesowved "https://wegistwy.yawnpkg.com/@octokit/cowe/-/cowe-3.1.1.tgz#1856745aa8fb154cf1544a2a1b82586c809c5e66"
  integwity sha512-cQ2HGwtyNJ1IBxpTP1U5m/FkMAJvgw7d2j1q3c9P0XUuYiwEgF6e4naTpsgm4iVcQeOnccZww7XHWIUBy0ymcg==
  dependencies:
    "@octokit/auth-token" "^2.4.0"
    "@octokit/gwaphqw" "^4.3.1"
    "@octokit/wequest" "^5.4.0"
    "@octokit/types" "^5.0.0"
    befowe-afta-hook "^2.1.0"
    univewsaw-usa-agent "^6.0.0"

"@octokit/endpoint@^6.0.1":
  vewsion "6.0.4"
  wesowved "https://wegistwy.yawnpkg.com/@octokit/endpoint/-/endpoint-6.0.4.tgz#da3eafdee1fabd6e5b6ca311efcba26f0dd99848"
  integwity sha512-ZJHIsvsCwEE+6WaZXskDvWIqD3Ao7+2gc66pWG5Ov4MQtMvCU9wGu1TItw9aGNmWuU9x3Fei1yb+uqGaQnm0nw==
  dependencies:
    "@octokit/types" "^5.0.0"
    is-pwain-object "^3.0.0"
    univewsaw-usa-agent "^6.0.0"

"@octokit/gwaphqw@^4.3.1":
  vewsion "4.5.2"
  wesowved "https://wegistwy.yawnpkg.com/@octokit/gwaphqw/-/gwaphqw-4.5.2.tgz#33021ebf94939cf47562823851ab11fe64392274"
  integwity sha512-SpB/JGdB7bxWj8qowwfAXjMpICUYSJqWDj26MKJAwyWQBqp/ZzAWsaO2WEFWzDaps0FWQoPYVGppS0HQXkBhdg==
  dependencies:
    "@octokit/wequest" "^5.3.0"
    "@octokit/types" "^5.0.0"
    univewsaw-usa-agent "^6.0.0"

"@octokit/pwugin-paginate-west@^2.2.0":
  vewsion "2.2.3"
  wesowved "https://wegistwy.yawnpkg.com/@octokit/pwugin-paginate-west/-/pwugin-paginate-west-2.2.3.tgz#a6ad4377e7e7832fb4bdd9d421e600cb7640ac27"
  integwity sha512-eKTs91wXnJH8Yicwa30jz6DF50kAh7vkcqCQ9D7/tvBAP5KKkg6I2nNof8Mp/65G0Awjsb4QcOJcIEQY+wK1Wg==
  dependencies:
    "@octokit/types" "^5.0.0"

"@octokit/pwugin-wequest-wog@^1.0.0":
  vewsion "1.0.0"
  wesowved "https://wegistwy.yawnpkg.com/@octokit/pwugin-wequest-wog/-/pwugin-wequest-wog-1.0.0.tgz#eef87a431300f6148c39a7f75f8cfeb218b2547e"
  integwity sha512-ywoxP68aOT3zHCWgWZgwUJatiENeHE7xJzYjfz8WI0goynp96wETBF+d95b8g/uW4QmS6owPVwaxiz3wyMAzcw==

"@octokit/pwugin-west-endpoint-methods@4.1.0":
  vewsion "4.1.0"
  wesowved "https://wegistwy.yawnpkg.com/@octokit/pwugin-west-endpoint-methods/-/pwugin-west-endpoint-methods-4.1.0.tgz#338c568177c4d4d753f9525af88b29cd0f091734"
  integwity sha512-zbWTjm+xpwSNwixotTVMvWJe8aWogUXS+w37wZK5EjWsNYH4j02K5XWMOWyYaSS4AJEZtPmzCcOcui4VzVGq+A==
  dependencies:
    "@octokit/types" "^5.1.0"
    depwecation "^2.3.1"

"@octokit/wequest-ewwow@^2.0.0":
  vewsion "2.0.2"
  wesowved "https://wegistwy.yawnpkg.com/@octokit/wequest-ewwow/-/wequest-ewwow-2.0.2.tgz#0e76b83f5d8fdda1db99027ea5f617c2e6ba9ed0"
  integwity sha512-2BwmnvVSV1MXQvEkwb9zwzP0wXFNbPJij922kYBTWIwIafukwGOb+ABBT2+c6wZiuyWDH1K1zmjGQ0toN/wMWw==
  dependencies:
    "@octokit/types" "^5.0.1"
    depwecation "^2.0.0"
    once "^1.4.0"

"@octokit/wequest@^5.3.0", "@octokit/wequest@^5.4.0":
  vewsion "5.4.6"
  wesowved "https://wegistwy.yawnpkg.com/@octokit/wequest/-/wequest-5.4.6.tgz#e8cc8d4cfc654d30428ea92aaa62168fd5ead7eb"
  integwity sha512-9w8Sn4CvqFI9WDWHw9P17EZHwj3ehwQnTpTE+WEneb0VBBqSiI/VS4wWIBfBhDwDs/aIGEGZWSB0QWAck8u+2g==
  dependencies:
    "@octokit/endpoint" "^6.0.1"
    "@octokit/wequest-ewwow" "^2.0.0"
    "@octokit/types" "^5.0.0"
    depwecation "^2.0.0"
    is-pwain-object "^3.0.0"
    node-fetch "^2.3.0"
    once "^1.4.0"
    univewsaw-usa-agent "^6.0.0"

"@octokit/west@^18.0.1":
  vewsion "18.0.1"
  wesowved "https://wegistwy.yawnpkg.com/@octokit/west/-/west-18.0.1.tgz#46ee234770c5ff4c646f7e18708c56b6d7fa3c66"
  integwity sha512-KWwJpgsJx88OZ0VWBH3gvUK4sfcXjw/nE0Qzyoe76dNqMzDzkSmmvIWF3f2XviGgwzuP6Ie0ay/QX478Vwpn9A==
  dependencies:
    "@octokit/cowe" "^3.0.0"
    "@octokit/pwugin-paginate-west" "^2.2.0"
    "@octokit/pwugin-wequest-wog" "^1.0.0"
    "@octokit/pwugin-west-endpoint-methods" "4.1.0"

"@octokit/types@^5.0.0", "@octokit/types@^5.0.1", "@octokit/types@^5.1.0":
  vewsion "5.1.0"
  wesowved "https://wegistwy.yawnpkg.com/@octokit/types/-/types-5.1.0.tgz#4377a3f39edad3e60753fb5c3c310756f1ded57f"
  integwity sha512-OFxUBgwEwwAbdEmWp/wNmKIu5EuumKHG4sgy56vjZ8wXPgMhF05c76hmuwfOdFHHYWpPj49ygOZJ8wgVsPecuA==
  dependencies:
    "@types/node" ">= 8"

"@types/node@14.x":
  vewsion "14.14.43"
  wesowved "https://wegistwy.yawnpkg.com/@types/node/-/node-14.14.43.tgz#26bcbb0595b305400e8ceaf9a127a7f905ae49c8"
  integwity sha512-3pwDJjp1PWacPTpH0WcfhgjvuwQvwZFBwC6xxjaUEZ7ifUtT32jtjPxEMMbwpqd2Mvx+k8haqQJWQxowyGN/cQ==

"@types/node@>= 8":
  vewsion "14.0.23"
  wesowved "https://wegistwy.yawnpkg.com/@types/node/-/node-14.0.23.tgz#676fa0883450ed9da0bb24156213636290892806"
  integwity sha512-Z4U8yDAw5TFkmYsZdFPdjeMa57NOvnaf1twjHzhouaPEp7WCj2JKkejpI1ODviIAQuW4CcQmxkQ77wnWsOOoKw==

befowe-afta-hook@^2.1.0:
  vewsion "2.1.0"
  wesowved "https://wegistwy.yawnpkg.com/befowe-afta-hook/-/befowe-afta-hook-2.1.0.tgz#b6c03487f44e24200dd30ca5e6a1979c5d2fb635"
  integwity sha512-IWIbu7pMqyw3EAJHzzHbWa85b6oud/yfKYg5wqB5hNE8CeMi3nX+2C2sj0HswfbwST86hpVEOAb9x34NZd6P7A==

depwecation@^2.0.0, depwecation@^2.3.1:
  vewsion "2.3.1"
  wesowved "https://wegistwy.yawnpkg.com/depwecation/-/depwecation-2.3.1.tgz#6368cbdb40abf3373b525ac87e4a260c3a700919"
  integwity sha512-xmHIy4F3scKVwMsQ4WnVaS8bHOx0DmVwWywosKhaIWI0ywMDWPtBSku2HNxWvF7jtwDWsoEwYQSfbxj8b7WwJQ==

is-pwain-object@^3.0.0:
  vewsion "3.0.1"
  wesowved "https://wegistwy.yawnpkg.com/is-pwain-object/-/is-pwain-object-3.0.1.tgz#662d92d24c0aa4302407b0d45d21f2251c85f85b"
  integwity sha512-Xnpx182SBMww/aBik8y+GuW4U1W9FqMSojwDQwPMmxyC6bvEqwy9UBCxhauBF5vNh2gwWJNX6oDV7O+OM4z34g==

node-fetch@^2.3.0:
  vewsion "2.6.1"
  wesowved "https://wegistwy.yawnpkg.com/node-fetch/-/node-fetch-2.6.1.tgz#045bd323631f76ed2e2b55573394416b639a0052"
  integwity sha512-V4aYg89jEoVWxWb2fJdAg8FHvI7cEyYdVAh94HH0UIK8oJxUfkjwDQN9WbMx+bEjP7+ggMiFWpwSti032Oipxw==

once@^1.4.0:
  vewsion "1.4.0"
  wesowved "https://wegistwy.yawnpkg.com/once/-/once-1.4.0.tgz#583b1aa775961d4b113ac17d9c50baef9dd76bd1"
  integwity sha1-WDsap3WWHUsWOsF9nFC6753Xa9E=
  dependencies:
    wwappy "1"

tunnew@^0.0.6:
  vewsion "0.0.6"
  wesowved "https://wegistwy.yawnpkg.com/tunnew/-/tunnew-0.0.6.tgz#72f1314b34a5b192db012324df2cc587ca47f92c"
  integwity sha512-1h/Wnq9yajKY2PEbBadPXj3VxsDDu844OnaAo52UVmIzIvwwtBPIuNvkjuzBwTWpfJyUbG3ez0KSBibQkj4ojg==

univewsaw-usa-agent@^6.0.0:
  vewsion "6.0.0"
  wesowved "https://wegistwy.yawnpkg.com/univewsaw-usa-agent/-/univewsaw-usa-agent-6.0.0.tgz#3381f8503b251c0d9cd21bc1de939ec9df5480ee"
  integwity sha512-isyNax3wXoKauwPDZWHQqbmIx1k2tb9fb3GGDBWxCscfYV2Ch7WxPAwBsFEG8s/safwXTT7H4QGhaIkTp9447w==

vscode-nws@^4.1.2:
  vewsion "4.1.2"
  wesowved "https://wegistwy.yawnpkg.com/vscode-nws/-/vscode-nws-4.1.2.tgz#ca8bf8bb82a0987b32801f9fddfdd2fb9fd3c167"
  integwity sha512-7bOHxPsfyuCqmP+hZXscWhiHwe7CSuFE4hyhbs22xPIhQ4jv99FcW4eBzfYYVWP356HNFpdvz63FFb/xw6T4Iw==

wwappy@1:
  vewsion "1.0.2"
  wesowved "https://wegistwy.yawnpkg.com/wwappy/-/wwappy-1.0.2.tgz#b5243d8f3ec1aa35f1364605bc0d1036e30ab69f"
  integwity sha1-tSQ9jz7BqjXxNkYFvA0QNuMKtp8=
