# This file is generated by running "yarn install" inside your project.
# Manual changes might be lost - proceed with caution!

__metadata:
  version: 4
  cacheKey: 8

"coffee-script@npm:^1.10.0":
  version: 1.12.7
  resolution: "coffee-script@npm:1.12.7"
  bin:
    cake: ./bin/cake
    coffee: ./bin/coffee
  checksum: cce8dd15eda581c4c990aefcb0c8b1973713bae6b905baa5916de60e11bdc497fca68c119df20dff72b77c48e871f1bff200b61053526035a64b993b76a90d71
  languageName: node
  linkType: hard

"cson-parser@npm:^1.3.3":
  version: 1.3.5
  resolution: "cson-parser@npm:1.3.5"
  dependencies:
    coffee-script: ^1.10.0
  checksum: e54cbbc6fc0e52bc9a1114fdb940b2548cc4bc033ef91c3d2601800766e2b47f680f39c943952dee20dba9e853703cc510fb5385d8fdf91ea3f15ca143bcc1af
  languageName: node
  linkType: hard

"esbuild@npm:^0.11.12":
  version: 0.11.23
  resolution: "esbuild@npm:0.11.23"
  bin:
    esbuild: bin/esbuild
  checksum: d55bea84f94e7854fa6fb013ffc63747f2286001b3d73c2a7beb605e6e4847c24ff2cde0660f03045d06d083695c8082423b007a9ee8687e70b52719458bfdd6
  languageName: node
  linkType: hard

"fast-plist@npm:0.1.2":
  version: 0.1.2
  resolution: "fast-plist@npm:0.1.2"
  checksum: 3baf1b4c533024561595f28eae7c36f4fa0782f52374b2f4e067561bd62464240f4bcff8d47b1ed6b981333be5f2bb613ce10229c5ec1e0194dfc271b873ade8
  languageName: node
  linkType: hard

typescript@4.4.3:
  version: 4.4.3
  resolution: "typescript@npm:4.4.3"
  bin:
    tsc: bin/tsc
    tsserver: bin/tsserver
  checksum: 05823f21796d450531a7e4ab299715d38fd9ded0e4ce7400876053f4b5166ca3dde7a68cecfe72d9086039f03c0b6edba36516fb10ed83c5837d9600532ea4c2
  languageName: node
  linkType: hard

"typescript@patch:typescript@4.4.3#~builtin<compat/typescript>":
  version: 4.4.3
  resolution: "typescript@patch:typescript@npm%3A4.4.3#~builtin<compat/typescript>::version=4.4.3&hash=32657b"
  bin:
    tsc: bin/tsc
    tsserver: bin/tsserver
  checksum: 28ab98313afab46788ff41014fdb5932430ada6e03cf9e92ac47f406526a2cac1ae2894834e7da61e46b7429318e9c47f45ba8de323332f0cb9af99b72ebae74
  languageName: node
  linkType: hard

"vscode-extensions@workspace:.":
  version: 0.0.0-use.local
  resolution: "vscode-extensions@workspace:."
  dependencies:
    esbuild: ^0.11.12
    typescript: 4.4.3
    vscode-grammar-updater: ^1.0.3
  languageName: unknown
  linkType: soft

"vscode-grammar-updater@npm:^1.0.3":
  version: 1.0.3
  resolution: "vscode-grammar-updater@npm:1.0.3"
  dependencies:
    cson-parser: ^1.3.3
    fast-plist: 0.1.2
  bin:
    vscode-grammar-updater: ./bin.js
  checksum: c48f9170c96de3d0d8724c226568032ff1bc757cebee4c8b26a6edd78d7e5deb98ac3ef7755ee832fa6a84e04074f8136a9ccbd90c9ce09b15d854e111f1f1d6
  languageName: node
  linkType: hard
