# THIS IS AN AUTOGENERATED FILE. DO NOT EDIT THIS FILE DIRECTLY.
# yarn lockfile v1


"@microsoft/1ds-core-js@3.2.3", "@microsoft/1ds-core-js@^3.2.3":
  version "3.2.3"
  resolved "https://registry.yarnpkg.com/@microsoft/1ds-core-js/-/1ds-core-js-3.2.3.tgz#2217d92ec8b073caa4577a13f40ea3a5c4c4d4e7"
  integrity sha512-796A8fd90oUKDRO7UXUT9BwZ3G+a9XzJj5v012FcCN/2qRhEsIV3x/0wkx2S08T4FiQEUPkB2uoYHpEjEneM7g==
  dependencies:
    "@microsoft/applicationinsights-core-js" "2.8.4"
    "@microsoft/applicationinsights-shims" "^2.0.1"
    "@microsoft/dynamicproto-js" "^1.1.6"

"@microsoft/1ds-post-js@^3.2.3":
  version "3.2.3"
  resolved "https://registry.yarnpkg.com/@microsoft/1ds-post-js/-/1ds-post-js-3.2.3.tgz#1fa7d51615a44f289632ae8c588007ba943db216"
  integrity sha512-tcGJQXXr2LYoBbIXPoUVe1KCF3OtBsuKDFL7BXfmNtuSGtWF0yejm6H83DrR8/cUIGMRMUP9lqNlqFGwDYiwAQ==
  dependencies:
    "@microsoft/1ds-core-js" "3.2.3"
    "@microsoft/applicationinsights-shims" "^2.0.1"
    "@microsoft/dynamicproto-js" "^1.1.6"

"@microsoft/applicationinsights-core-js@2.8.4":
  version "2.8.4"
  resolved "https://registry.yarnpkg.com/@microsoft/applicationinsights-core-js/-/applicationinsights-core-js-2.8.4.tgz#607e531bb241a8920d43960f68a7c76a6f9af596"
  integrity sha512-FoA0FNOsFbJnLyTyQlYs6+HR7HMEa6nAOE6WOm9WVejBHMHQ/Bdb+hfVFi6slxwCimr/ner90jchi4/sIYdnyQ==
  dependencies:
    "@microsoft/applicationinsights-shims" "2.0.1"
    "@microsoft/dynamicproto-js" "^1.1.6"

"@microsoft/applicationinsights-shims@2.0.1", "@microsoft/applicationinsights-shims@^2.0.1":
  version "2.0.1"
  resolved "https://registry.yarnpkg.com/@microsoft/applicationinsights-shims/-/applicationinsights-shims-2.0.1.tgz#5d72fb7aaf4056c4fda54f9d7c93ccf8ca9bcbfd"
  integrity sha512-G0MXf6R6HndRbDy9BbEj0zrLeuhwt2nsXk2zKtF0TnYo39KgYqhYC2ayIzKPTm2KAE+xzD7rgyLdZnrcRvt9WQ==

"@microsoft/dynamicproto-js@^1.1.6":
  version "1.1.6"
  resolved "https://registry.yarnpkg.com/@microsoft/dynamicproto-js/-/dynamicproto-js-1.1.6.tgz#6fe03468862861f5f88ac4c3959a652b3797f1bc"
  integrity sha512-D1Oivw1A4bIXhzBIy3/BBPn3p2On+kpO2NiYt9shICDK7L/w+cR6FFBUsBZ05l6iqzTeL+Jm8lAYn0g6G7DmDg==

"@types/node-fetch@^2.5.7":
  version "2.5.7"
  resolved "https://registry.yarnpkg.com/@types/node-fetch/-/node-fetch-2.5.7.tgz#20a2afffa882ab04d44ca786449a276f9f6bbf3c"
  integrity sha512-o2WVNf5UhWRkxlf6eq+jMZDu7kjgpgJfl4xVNlvryc95O/6F2ld8ztKX+qu+Rjyet93WAWm5LjeX9H5FGkODvw==
  dependencies:
    "@types/node" "*"
    form-data "^3.0.0"

"@types/node@*":
  version "14.0.5"
  resolved "https://registry.yarnpkg.com/@types/node/-/node-14.0.5.tgz#3d03acd3b3414cf67faf999aed11682ed121f22b"
  integrity sha512-90hiq6/VqtQgX8Sp0EzeIsv3r+ellbGj4URKj5j30tLlZvRUpnAe9YbYnjl3pJM93GyXU0tghHhvXHq+5rnCKA==

"@types/node@16.x":
  version "16.11.6"
  resolved "https://registry.yarnpkg.com/@types/node/-/node-16.11.6.tgz#6bef7a2a0ad684cf6e90fcfe31cecabd9ce0a3ae"
  integrity sha512-ua7PgUoeQFjmWPcoo9khiPum3Pd60k4/2ZGXt18sm2Slk0W0xZTqt5Y0Ny1NyBiN1EVQ/+FaF9NcY4Qe6rwk5w==

"@types/uuid@8.0.0":
  version "8.0.0"
  resolved "https://registry.yarnpkg.com/@types/uuid/-/uuid-8.0.0.tgz#165aae4819ad2174a17476dbe66feebd549556c0"
  integrity sha512-xSQfNcvOiE5f9dyd4Kzxbof1aTrLobL278pGLKOZI6esGfZ7ts9Ka16CzIN6Y8hFHE1C7jIBZokULhK1bOgjRw==

"@vscode/extension-telemetry@0.6.2":
  version "0.6.2"
  resolved "https://registry.yarnpkg.com/@vscode/extension-telemetry/-/extension-telemetry-0.6.2.tgz#b86814ee680615730da94220c2b03ea9c3c14a8e"
  integrity sha512-yb/wxLuaaCRcBAZtDCjNYSisAXz3FWsSqAha5nhHcYxx2ZPdQdWuZqVXGKq0ZpHVndBWWtK6XqtpCN2/HB4S1w==
  dependencies:
    "@microsoft/1ds-core-js" "^3.2.3"
    "@microsoft/1ds-post-js" "^3.2.3"

asynckit@^0.4.0:
  version "0.4.0"
  resolved "https://registry.yarnpkg.com/asynckit/-/asynckit-0.4.0.tgz#c79ed97f7f34cb8f2ba1bc9790bcc366474b4b79"
  integrity sha1-x57Zf380y48robyXkLzDZkdLS3k=

axios@^0.26.1:
  version "0.26.1"
  resolved "https://registry.yarnpkg.com/axios/-/axios-0.26.1.tgz#1ede41c51fcf51bbbd6fd43669caaa4f0495aaa9"
  integrity sha512-fPwcX4EvnSHuInCMItEhAGnaSEXRBjtzh9fOtsE6E1G6p7vl7edEeZe11QHf18+6+9gR5PbKV/sGKNaD8YaMeA==
  dependencies:
    follow-redirects "^1.14.8"

combined-stream@^1.0.8:
  version "1.0.8"
  resolved "https://registry.yarnpkg.com/combined-stream/-/combined-stream-1.0.8.tgz#c3d45a8b34fd730631a110a8a2520682b31d5a7f"
  integrity sha512-FQN4MRfuJeHf7cBbBMJFXhKSDq+2kAArBlmRBvcvFE5BB1HZKXtSFASDhdlz9zOYwxh8lDdnvmMOe/+5cdoEdg==
  dependencies:
    delayed-stream "~1.0.0"

delayed-stream@~1.0.0:
  version "1.0.0"
  resolved "https://registry.yarnpkg.com/delayed-stream/-/delayed-stream-1.0.0.tgz#df3ae199acadfb7d440aaae0b29e2272b24ec619"
  integrity sha1-3zrhmayt+31ECqrgsp4icrJOxhk=

follow-redirects@^1.14.8:
  version "1.15.0"
  resolved "https://registry.yarnpkg.com/follow-redirects/-/follow-redirects-1.15.0.tgz#06441868281c86d0dda4ad8bdaead2d02dca89d4"
  integrity sha512-aExlJShTV4qOUOL7yF1U5tvLCB0xQuudbf6toyYA0E/acBNw71mvjFTnLaRp50aQaYocMR0a/RMMBIHeZnGyjQ==

form-data@^3.0.0:
  version "3.0.0"
  resolved "https://registry.yarnpkg.com/form-data/-/form-data-3.0.0.tgz#31b7e39c85f1355b7139ee0c647cf0de7f83c682"
  integrity sha512-CKMFDglpbMi6PyN+brwB9Q/GOw0eAnsrEZDgcsH5Krhz5Od/haKHAX0NmQfha2zPPz0JpWzA7GJHGSnvCRLWsg==
  dependencies:
    asynckit "^0.4.0"
    combined-stream "^1.0.8"
    mime-types "^2.1.12"

mime-db@1.44.0:
  version "1.44.0"
  resolved "https://registry.yarnpkg.com/mime-db/-/mime-db-1.44.0.tgz#fa11c5eb0aca1334b4233cb4d52f10c5a6272f92"
  integrity sha512-/NOTfLrsPBVeH7YtFPgsVWveuL+4SjjYxaQ1xtM1KMFj7HdxlBlxeyNLzhyJVx7r4rZGJAZ/6lkKCitSc/Nmpg==

mime-types@^2.1.12:
  version "2.1.27"
  resolved "https://registry.yarnpkg.com/mime-types/-/mime-types-2.1.27.tgz#47949f98e279ea53119f5722e0f34e529bec009f"
  integrity sha512-JIhqnCasI9yD+SsmkquHBxTSEuZdQX5BuQnS2Vc7puQQQ+8yiP5AY5uWhpdv4YL4VM5c6iliiYWPgJ/nJQLp7w==
  dependencies:
    mime-db "1.44.0"

node-fetch@2.6.7:
  version "2.6.7"
  resolved "https://registry.yarnpkg.com/node-fetch/-/node-fetch-2.6.7.tgz#24de9fba827e3b4ae44dc8b20256a379160052ad"
  integrity sha512-ZjMPFEfVx5j+y2yF35Kzx5sF7kDzxuDj6ziH4FFbOp87zKDZNx8yExJIb05OGF4Nlt9IHFIMBkRl41VdvcNdbQ==
  dependencies:
    whatwg-url "^5.0.0"

tas-client@0.1.45:
  version "0.1.45"
  resolved "https://registry.yarnpkg.com/tas-client/-/tas-client-0.1.45.tgz#83bbf73f8458a0f527f9a389f7e1c37f63a64a76"
  integrity sha512-IG9UmCpDbDPK23UByQ27rLybkRZYEx2eC9EkieXdwPKKjZPD2zPwfQmyGnZrZet4FUt3yj0ytkwz+liR9Nz/nA==
  dependencies:
    axios "^0.26.1"

tr46@~0.0.3:
  version "0.0.3"
  resolved "https://registry.yarnpkg.com/tr46/-/tr46-0.0.3.tgz#8184fd347dac9cdc185992f3a6622e14b9d9ab6a"
  integrity sha1-gYT9NH2snNwYWZLzpmIuFLnZq2o=

uuid@8.1.0:
  version "8.1.0"
  resolved "https://registry.yarnpkg.com/uuid/-/uuid-8.1.0.tgz#6f1536eb43249f473abc6bd58ff983da1ca30d8d"
  integrity sha512-CI18flHDznR0lq54xBycOVmphdCYnQLKn8abKn7PXUiKUGdEd+/l9LWNJmugXel4hXq7S+RMNl34ecyC9TntWg==

vscode-tas-client@^0.1.47:
  version "0.1.47"
  resolved "https://registry.yarnpkg.com/vscode-tas-client/-/vscode-tas-client-0.1.47.tgz#d66795cbbaa231aba659b6c40d43927d73596375"
  integrity sha512-SlEPDi+0gwxor4ANzBtXwqROPQdQkClHeVJgnkvdDF5Xnl407htCsabTPAq4Di8muObORtLchqQS/k1ocaGDEg==
  dependencies:
    tas-client "0.1.45"

webidl-conversions@^3.0.0:
  version "3.0.1"
  resolved "https://registry.yarnpkg.com/webidl-conversions/-/webidl-conversions-3.0.1.tgz#24534275e2a7bc6be7bc86611cc16ae0a5654871"
  integrity sha1-JFNCdeKnvGvnvIZhHMFq4KVlSHE=

whatwg-url@^5.0.0:
  version "5.0.0"
  resolved "https://registry.yarnpkg.com/whatwg-url/-/whatwg-url-5.0.0.tgz#966454e8765462e37644d3626f6742ce8b70965d"
  integrity sha1-lmRU6HZUYuN2RNNib2dCzotwll0=
  dependencies:
    tr46 "~0.0.3"
    webidl-conversions "^3.0.0"
