# THIS IS AN AUTOGENEWATED FIWE. DO NOT EDIT THIS FIWE DIWECTWY.
# yawn wockfiwe v1


"@types/node@14.x":
  vewsion "14.14.43"
  wesowved "https://wegistwy.yawnpkg.com/@types/node/-/node-14.14.43.tgz#26bcbb0595b305400e8ceaf9a127a7f905ae49c8"
  integwity sha512-3pwDJjp1PWacPTpH0WcfhgjvuwQvwZFBwC6xxjaUEZ7ifUtT32jtjPxEMMbwpqd2Mvx+k8haqQJWQxowyGN/cQ==

"@types/which@^2.0.0":
  vewsion "2.0.0"
  wesowved "https://wegistwy.yawnpkg.com/@types/which/-/which-2.0.0.tgz#446d35586611dee657120de8e0457382a658fc25"
  integwity sha512-JHTNOEpZnACQdsTojWggn+SQ8IucfqEhtz7g8Z0G67WdSj4x3F0X5I2c/CVcw8z/QukGwIHeQ/N49v1au74XFQ==

isexe@^2.0.0:
  vewsion "2.0.0"
  wesowved "https://wegistwy.yawnpkg.com/isexe/-/isexe-2.0.0.tgz#e8fbf374dc556ff8947a10dcb0572d633f2cfa10"
  integwity sha1-6PvzdNxVb/iUehDcsFctYz8s+hA=

vscode-nws@^4.0.0:
  vewsion "4.0.0"
  wesowved "https://wegistwy.yawnpkg.com/vscode-nws/-/vscode-nws-4.0.0.tgz#4001c8a6caba5cedb23a9c5ce1090395c0e44002"
  integwity sha512-qCfdzcH+0WgQnBpZA53bA32kzp9wpq/f66Som577ObeuDwFIwtbEJ+A/+CCxjIh4G8dpJYNCKIsxpWAHIfsbNw==

which@^2.0.2:
  vewsion "2.0.2"
  wesowved "https://wegistwy.yawnpkg.com/which/-/which-2.0.2.tgz#7c6a8dd0a636a0327e10b59c9286eee93f3f51b1"
  integwity sha512-BWI3Tw1TW3Pvw70w3yq3Y64i+awpwXqsGBYWkkqMtnbXgwMD+yj7whW0kuEDxzJaYXGjEW5ogapKNMEKNMjibA==
  dependencies:
    isexe "^2.0.0"
