# THIS IS AN AUTOGENERATED FILE. DO NOT EDIT THIS FILE DIRECTLY.
# yarn lockfile v1


"@types/markdown-it@^0.0.0":
  version "0.0.0"
  resolved "https://registry.yarnpkg.com/@types/markdown-it/-/markdown-it-0.0.0.tgz#8f6acaa5e3245e275f684e95deb3e518d1c6ab16"
  integrity sha512-rLEOTm6Wi9M8GFnIK7VczXSEThIN/eVoevpTYVk+FD/DPX3N15Sj9b3vkjjDY63U0Zw1yawf13CI92CCHpC5kw==

"@types/vscode-notebook-renderer@^1.60.0":
  version "1.72.0"
  resolved "https://registry.yarnpkg.com/@types/vscode-notebook-renderer/-/vscode-notebook-renderer-1.72.0.tgz#8943dc3cef0ced2dfb1e04c0a933bd289e7d5199"
  integrity sha512-5iTjb39DpLn03ULUwrDR3L2Dy59RV4blSUHy0oLdQuIY11PhgWO4mXIcoFS0VxY1GZQ4IcjSf3ooT2Jrrcahnw==

"@vscode/markdown-it-katex@^1.0.2":
  version "1.0.2"
  resolved "https://registry.yarnpkg.com/@vscode/markdown-it-katex/-/markdown-it-katex-1.0.2.tgz#27ba579fa3896b2944b71209dd30d0f983983f11"
  integrity sha512-QY/OnOHPTqc8tQoCoAjVblILX4yE6xGZHKODtiTKqA328OXra+lSpeJO5Ouo9AAvrs9AwcCLz6xvW3zwcsPBQg==
  dependencies:
    katex "^0.16.4"

commander@^8.3.0:
  version "8.3.0"
  resolved "https://registry.yarnpkg.com/commander/-/commander-8.3.0.tgz#4837ea1b2da67b9c616a67afbb0fafee567bca66"
  integrity sha512-OkTL9umf+He2DZkUq8f8J9of7yL6RJKI24dVITBmNfZBmri9zYZQrKkuXiKhyfPSu8tUhnVBB1iKXevvnlR4Ww==

katex@^0.16.4:
  version "0.16.9"
  resolved "https://registry.yarnpkg.com/katex/-/katex-0.16.9.tgz#bc62d8f7abfea6e181250f85a56e4ef292dcb1fa"
  integrity sha512-fsSYjWS0EEOwvy81j3vRA8TEAhQhKiqO+FQaKWp0m39qwOzHVBgAUBIXWj1pB+O2W3fIpNa6Y9KSKCVbfPhyAQ==
  dependencies:
    commander "^8.3.0"
