# THIS IS AN AUTOGENERATED FILE. DO NOT EDIT THIS FILE DIRECTLY.
# yarn lockfile v1


"@types/node@16.x":
  version "16.11.21"
  resolved "https://registry.yarnpkg.com/@types/node/-/node-16.11.21.tgz#474d7589a30afcf5291f59bd49cca9ad171ffde4"
  integrity sha512-Pf8M1XD9i1ksZEcCP8vuSNwooJ/bZapNmIzpmsMaL+jMI+8mEYU3PKvs+xDNuQcJWF/x24WzY4qxLtB0zNow9A==

vscode-nls@^5.2.0:
  version "5.2.0"
  resolved "https://registry.yarnpkg.com/vscode-nls/-/vscode-nls-5.2.0.tgz#3cb6893dd9bd695244d8a024bdf746eea665cc3f"
  integrity sha512-RAaHx7B14ZU04EU31pT+rKz2/zSl7xMsfIZuo8pd+KZO6PXtQmpevpq3vxvWNcrGbdmhM/rr5Uw5Mz+NBfhVng==
