{
  "name": "json-language-features",
  "version": "10.0.0",
  "lockfileVersion": 3,
  "requires": true,
  "packages": {
    "": {
      "name": "json-language-features",
      "version": "10.0.0",
      "license": "MIT",
      "dependencies": {
        "@vscode/extension-telemetry": "^1.5.1",
        "request-light": "^0.8.0",
        "vscode-languageclient": "^10.0.0-next.20"
      },
      "devDependencies": {
        "@types/node": "24.x"
      },
      "engines": {
        "vscode": "^1.77.0"
      }
    },
    "node_modules/@microsoft/1ds-core-js": {
      "version": "4.4.1",
      "resolved": "https://registry.npmjs.org/@microsoft/1ds-core-js/-/1ds-core-js-4.4.1.tgz",
      "integrity": "sha512-utqwacfUkiGJROn4WC7aNdRBsRxwhNWXuqaJM2B0N0WHmv1+IhSuI7RQ3FHwxRP1dxZi/xn9aELMZ7HMStsW1w==",
      "license": "MIT",
      "dependencies": {
        "@microsoft/applicationinsights-core-js": "3.4.1",
        "@microsoft/applicationinsights-shims": "3.0.1",
        "@microsoft/dynamicproto-js": "^2.0.3",
        "@nevware21/ts-async": ">= 0.5.5 < 2.x",
        "@nevware21/ts-utils": ">= 0.12.6 < 2.x"
      }
    },
    "node_modules/@microsoft/1ds-post-js": {
      "version": "4.4.1",
      "resolved": "https://registry.npmjs.org/@microsoft/1ds-post-js/-/1ds-post-js-4.4.1.tgz",
      "integrity": "sha512-CkFEhDY7X8E2JLr6HsEvRiC0DaLOCsA7vlbq/9DJP65gAumgw2NnFNIAOg6Je5Geq1LDu76/nb2hP34p8eGggw==",
      "license": "MIT",
      "dependencies": {
        "@microsoft/applicationinsights-core-js": "3.4.1",
        "@microsoft/applicationinsights-shims": "3.0.1",
        "@microsoft/dynamicproto-js": "^2.0.3",
        "@nevware21/ts-async": ">= 0.5.5 < 2.x",
        "@nevware21/ts-utils": ">= 0.12.6 < 2.x"
      }
    },
    "node_modules/@microsoft/applicationinsights-channel-js": {
      "version": "3.4.1",
      "resolved": "https://registry.npmjs.org/@microsoft/applicationinsights-channel-js/-/applicationinsights-channel-js-3.4.1.tgz",
      "integrity": "sha512-QS1k6iwVwR1MznGAB1H0F9raqpevbFNbadLS5O1419pz9OEWBfF9wRQLnENCyo8QS9Q0IdiqnGAON/D8IywpWg==",
      "license": "MIT",
      "dependencies": {
        "@microsoft/applicationinsights-core-js": "3.4.1",
        "@microsoft/applicationinsights-shims": "3.0.1",
        "@microsoft/dynamicproto-js": "^2.0.3",
        "@nevware21/ts-async": ">= 0.5.5 < 2.x",
        "@nevware21/ts-utils": ">= 0.12.6 < 2.x"
      },
      "peerDependencies": {
        "tslib": ">= 1.0.0"
      }
    },
    "node_modules/@microsoft/applicationinsights-common": {
      "version": "3.4.1",
      "resolved": "https://registry.npmjs.org/@microsoft/applicationinsights-common/-/applicationinsights-common-3.4.1.tgz",
      "integrity": "sha512-CTbD0g/68tiv2yCItsodDQBYxyHdfQkG7VhvVU8OHenukpl/7W4wEuxZuOntqhv5m9Nx/DFncbz+T83nvYTG3g==",
      "license": "MIT",
      "dependencies": {
        "@microsoft/applicationinsights-core-js": "3.4.1",
        "@microsoft/applicationinsights-shims": "3.0.1",
        "@microsoft/dynamicproto-js": "^2.0.3",
        "@nevware21/ts-utils": ">= 0.12.6 < 2.x"
      },
      "peerDependencies": {
        "tslib": ">= 1.0.0"
      }
    },
    "node_modules/@microsoft/applicationinsights-core-js": {
      "version": "3.4.1",
      "resolved": "https://registry.npmjs.org/@microsoft/applicationinsights-core-js/-/applicationinsights-core-js-3.4.1.tgz",
      "integrity": "sha512-eXIHZ1+nvBiJgVpufBiTP801Vtr5FEwjWZioUsb44NC/z/UcsZh2MDJ1mBpjaDO73LVYUw/ZZmDCCo6Pg/61kA==",
      "license": "MIT",
      "dependencies": {
        "@microsoft/applicationinsights-shims": "3.0.1",
        "@microsoft/dynamicproto-js": "^2.0.3",
        "@nevware21/ts-async": ">= 0.5.5 < 2.x",
        "@nevware21/ts-utils": ">= 0.12.6 < 2.x"
      },
      "peerDependencies": {
        "tslib": ">= 1.0.0"
      }
    },
    "node_modules/@microsoft/applicationinsights-shims": {
      "version": "3.0.1",
      "resolved": "https://registry.npmjs.org/@microsoft/applicationinsights-shims/-/applicationinsights-shims-3.0.1.tgz",
      "integrity": "sha512-DKwboF47H1nb33rSUfjqI6ryX29v+2QWcTrRvcQDA32AZr5Ilkr7whOOSsD1aBzwqX0RJEIP1Z81jfE3NBm/Lg==",
      "license": "MIT",
      "dependencies": {
        "@nevware21/ts-utils": ">= 0.9.4 < 2.x"
      }
    },
    "node_modules/@microsoft/applicationinsights-web-basic": {
      "version": "3.4.1",
      "resolved": "https://registry.npmjs.org/@microsoft/applicationinsights-web-basic/-/applicationinsights-web-basic-3.4.1.tgz",
      "integrity": "sha512-V/hSlauFp1thJa57+TMv5mAYinJAQUi4zOmDmpahnDgs8g1zrQ0D8QYDmu0Zfi+9GhoD80B4yJez2+ydJPJz2w==",
      "license": "MIT",
      "dependencies": {
        "@microsoft/applicationinsights-channel-js": "3.4.1",
        "@microsoft/applicationinsights-core-js": "3.4.1",
        "@microsoft/applicationinsights-shims": "3.0.1",
        "@microsoft/dynamicproto-js": "^2.0.3",
        "@nevware21/ts-async": ">= 0.5.5 < 2.x",
        "@nevware21/ts-utils": ">= 0.12.6 < 2.x"
      },
      "peerDependencies": {
        "tslib": ">= 1.0.0"
      }
    },
    "node_modules/@microsoft/dynamicproto-js": {
      "version": "2.0.3",
      "resolved": "https://registry.npmjs.org/@microsoft/dynamicproto-js/-/dynamicproto-js-2.0.3.tgz",
      "integrity": "sha512-JTWTU80rMy3mdxOjjpaiDQsTLZ6YSGGqsjURsY6AUQtIj0udlF/jYmhdLZu8693ZIC0T1IwYnFa0+QeiMnziBA==",
      "license": "MIT",
      "dependencies": {
        "@nevware21/ts-utils": ">= 0.10.4 < 2.x"
      }
    },
    "node_modules/@nevware21/ts-async": {
      "version": "0.5.5",
      "resolved": "https://registry.npmjs.org/@nevware21/ts-async/-/ts-async-0.5.5.tgz",
      "integrity": "sha512-vwqaL05iJPjLeh5igPi8MeeAu10i+Aq7xko1fbo9F5Si6MnVN5505qaV7AhSdk5MCBJVT/UYMk3kgInNjDb4Ig==",
      "license": "MIT",
      "dependencies": {
        "@nevware21/ts-utils": ">= 0.12.2 < 2.x"
      }
    },
    "node_modules/@nevware21/ts-utils": {
      "version": "0.14.0",
      "resolved": "https://registry.npmjs.org/@nevware21/ts-utils/-/ts-utils-0.14.0.tgz",
      "integrity": "sha512-WoeqTIXQ8WPhl+lD2NbMHoAQ4sJl0n7EoRoDmVJui//Usg512enl9q1fdbVobuZt3omnxnmVsDrNIvPBvFgddQ==",
      "funding": [
        {
          "type": "github",
          "url": "https://github.com/sponsors/nevware21"
        },
        {
          "type": "other",
          "url": "https://buymeacoffee.com/nevware21"
        }
      ],
      "license": "MIT"
    },
    "node_modules/@types/node": {
      "version": "24.12.4",
      "resolved": "https://registry.npmjs.org/@types/node/-/node-24.12.4.tgz",
      "integrity": "sha512-GUUEShf+PBCGW2KaXwcIt3Yk+e3pkKwWKb9GSyM9WQVE+ep2jzmHdGsHzu4wgcZy5fN9FBdVzjpBQsYlpfpgLA==",
      "dev": true,
      "license": "MIT",
      "dependencies": {
        "undici-types": "~7.16.0"
      }
    },
    "node_modules/@vscode/extension-telemetry": {
      "version": "1.5.2",
      "resolved": "https://registry.npmjs.org/@vscode/extension-telemetry/-/extension-telemetry-1.5.2.tgz",
      "integrity": "sha512-fO4huHz5apb5RtddC8DuUeSbBqYQw1EiBaOOGngq57nGbsDgcvm0jAibTY/kigJyjY0fQ4Vx7owQcCJRUrkT4g==",
      "license": "MIT",
      "dependencies": {
        "@microsoft/1ds-core-js": "^4.4.1",
        "@microsoft/1ds-post-js": "^4.4.1",
        "@microsoft/applicationinsights-common": "^3.4.1",
        "@microsoft/applicationinsights-core-js": "^3.4.1",
        "@microsoft/applicationinsights-web-basic": "^3.4.1"
      },
      "engines": {
        "vscode": "^1.75.0"
      }
    },
    "node_modules/balanced-match": {
      "version": "4.0.4",
      "resolved": "https://registry.npmjs.org/balanced-match/-/balanced-match-4.0.4.tgz",
      "integrity": "sha512-BLrgEcRTwX2o6gGxGOCNyMvGSp35YofuYzw9h1IMTRmKqttAZZVU67bdb9Pr2vUHA8+j3i2tJfjO6C6+4myGTA==",
      "license": "MIT",
      "engines": {
        "node": "18 || 20 || >=22"
      }
    },
    "node_modules/brace-expansion": {
      "version": "5.0.6",
      "resolved": "https://registry.npmjs.org/brace-expansion/-/brace-expansion-5.0.6.tgz",
      "integrity": "sha512-kLpxurY4Z4r9sgMsyG0Z9uzsBlgiU/EFKhj/h91/8yHu0edo7XuixOIH3VcJ8kkxs6/jPzoI6U9Vj3WqbMQ94g==",
      "license": "MIT",
      "dependencies": {
        "balanced-match": "^4.0.2"
      },
      "engines": {
        "node": "18 || 20 || >=22"
      }
    },
    "node_modules/minimatch": {
      "version": "10.2.4",
      "resolved": "https://registry.npmjs.org/minimatch/-/minimatch-10.2.4.tgz",
      "integrity": "sha512-oRjTw/97aTBN0RHbYCdtF1MQfvusSIBQM0IZEgzl6426+8jSC0nF1a/GmnVLpfB9yyr6g6FTqWqiZVbxrtaCIg==",
      "license": "BlueOak-1.0.0",
      "dependencies": {
        "brace-expansion": "^5.0.2"
      },
      "engines": {
        "node": "18 || 20 || >=22"
      },
      "funding": {
        "url": "https://github.com/sponsors/isaacs"
      }
    },
    "node_modules/request-light": {
      "version": "0.8.0",
      "resolved": "https://registry.npmjs.org/request-light/-/request-light-0.8.0.tgz",
      "integrity": "sha512-bH6E4PMmsEXYrLX6Kr1vu+xI3HproB1vECAwaPSJeroLE1kpWE3HR27uB4icx+6YORu1ajqBJXxuedv8ZQg5Lw=="
    },
    "node_modules/semver": {
      "version": "7.7.1",
      "resolved": "https://registry.npmjs.org/semver/-/semver-7.7.1.tgz",
      "integrity": "sha512-hlq8tAfn0m/61p4BVRcPzIGr6LKiMwo4VM6dGi6pt4qcRkmNzTcWq6eCEjEh+qXjkMDvPlOFFSGwQjoEa6gyMA==",
      "license": "ISC",
      "bin": {
        "semver": "bin/semver.js"
      },
      "engines": {
        "node": ">=10"
      }
    },
    "node_modules/undici-types": {
      "version": "7.16.0",
      "resolved": "https://registry.npmjs.org/undici-types/-/undici-types-7.16.0.tgz",
      "integrity": "sha512-Zz+aZWSj8LE6zoxD+xrjh4VfkIG8Ya6LvYkZqtUQGJPZjYl53ypCaUwWqo7eI0x66KBGeRo+mlBEkMSeSZ38Nw==",
      "dev": true,
      "license": "MIT"
    },
    "node_modules/vscode-jsonrpc": {
      "version": "9.0.0-next.11",
      "resolved": "https://registry.npmjs.org/vscode-jsonrpc/-/vscode-jsonrpc-9.0.0-next.11.tgz",
      "integrity": "sha512-u6LElQNbSiE9OugEEmrUKwH6+8BpPz2S5MDHvQUqHL//I4Q8GPikKLOUf856UnbLkZdhxaPrExac1lA3XwpIPA==",
      "license": "MIT",
      "engines": {
        "node": ">=14.0.0"
      }
    },
    "node_modules/vscode-languageclient": {
      "version": "10.0.0-next.20",
      "resolved": "https://registry.npmjs.org/vscode-languageclient/-/vscode-languageclient-10.0.0-next.20.tgz",
      "integrity": "sha512-/tTHk+U2q+4YQeF3PLr+IlsQA7P2WQy+ZrOpe88VOJDfPer9knm4cz6aMrozSxwkts3q7X41WEf3uASxnaC3gQ==",
      "license": "MIT",
      "dependencies": {
        "minimatch": "^10.1.2",
        "semver": "^7.7.1",
        "vscode-languageserver-protocol": "3.17.6-next.16"
      },
      "engines": {
        "vscode": "^1.91.0"
      }
    },
    "node_modules/vscode-languageserver-protocol": {
      "version": "3.17.6-next.16",
      "resolved": "https://registry.npmjs.org/vscode-languageserver-protocol/-/vscode-languageserver-protocol-3.17.6-next.16.tgz",
      "integrity": "sha512-kQTjXEuyxMbdmmZ3U+Lib3oUl12xEKNc73RtWxPSDS3TFtjVwt98Q1CUzfDA9EUpsA24M46Bl6q3sLe9AUOKyw==",
      "license": "MIT",
      "dependencies": {
        "vscode-jsonrpc": "9.0.0-next.11",
        "vscode-languageserver-types": "3.17.6-next.6"
      }
    },
    "node_modules/vscode-languageserver-types": {
      "version": "3.17.6-next.6",
      "resolved": "https://registry.npmjs.org/vscode-languageserver-types/-/vscode-languageserver-types-3.17.6-next.6.tgz",
      "integrity": "sha512-aiJY5/yW+xzw7KPNlwi3gQtddq/3EIn5z8X8nCgJfaiAij2R1APKePngv+MUdLdYJBVTLu+Qa0ODsT+pHgYguQ==",
      "license": "MIT"
    }
  }
}
