# THIS IS AN AUTOGENERATED FILE. DO NOT EDIT THIS FILE DIRECTLY.
# yarn lockfile v1


"@microsoft/1ds-core-js@4.3.0", "@microsoft/1ds-core-js@^4.1.2":
  version "4.3.0"
  resolved "https://registry.yarnpkg.com/@microsoft/1ds-core-js/-/1ds-core-js-4.3.0.tgz#5c880614ce352fc66c34ae7fbb16cddb9e5c2fac"
  integrity sha512-0aP0ko4j0E2HfMNG1TdctGxcX74c4nQMMMV2JyaBYRRlbg1qYSVCUTZO4Ap6Qf65cBjJUCoIzgDMXNSquANwDA==
  dependencies:
    "@microsoft/applicationinsights-core-js" "3.3.0"
    "@microsoft/applicationinsights-shims" "3.0.1"
    "@microsoft/dynamicproto-js" "^2.0.3"
    "@nevware21/ts-async" ">= 0.5.2 < 2.x"
    "@nevware21/ts-utils" ">= 0.11.3 < 2.x"

"@microsoft/1ds-post-js@^4.1.2":
  version "4.3.0"
  resolved "https://registry.yarnpkg.com/@microsoft/1ds-post-js/-/1ds-post-js-4.3.0.tgz#14ff70dc5804b0fa9c23230f7b653a0fba1b2dc3"
  integrity sha512-a1AflEuB313mfRiNNqkoVYDi4zxnG57zR8KotudtVoov6hiByBIS0KSuf3oE5/woDHWi9ZJjiCDvFwNqNH0YYw==
  dependencies:
    "@microsoft/1ds-core-js" "4.3.0"
    "@microsoft/applicationinsights-shims" "3.0.1"
    "@microsoft/dynamicproto-js" "^2.0.3"
    "@nevware21/ts-async" ">= 0.5.2 < 2.x"
    "@nevware21/ts-utils" ">= 0.11.3 < 2.x"

"@microsoft/applicationinsights-channel-js@3.3.0":
  version "3.3.0"
  resolved "https://registry.yarnpkg.com/@microsoft/applicationinsights-channel-js/-/applicationinsights-channel-js-3.3.0.tgz#fca847a9e14b6b82f8b57a0feb88b608a57d9ab1"
  integrity sha512-xlxcfwgFgvHoY/STVgtRoUSvAKOMNbe4CIBeY8zTHsjE9x3/kY9R9kpRkTBectuD7xVm1/FmzrzqaxcJO7R/sw==
  dependencies:
    "@microsoft/applicationinsights-common" "3.3.0"
    "@microsoft/applicationinsights-core-js" "3.3.0"
    "@microsoft/applicationinsights-shims" "3.0.1"
    "@microsoft/dynamicproto-js" "^2.0.3"
    "@nevware21/ts-async" ">= 0.5.2 < 2.x"
    "@nevware21/ts-utils" ">= 0.11.3 < 2.x"

"@microsoft/applicationinsights-common@3.3.0":
  version "3.3.0"
  resolved "https://registry.yarnpkg.com/@microsoft/applicationinsights-common/-/applicationinsights-common-3.3.0.tgz#fb5dfa226fe7e0849e44977cbb9d4dbce49bf82a"
  integrity sha512-5t6WtL9wCQUA06sioaTenz5qWgrCk7QRm99pDuP+vyjcAiT6//f+Qn1K9KXtEX5WfEMHx3vBIDGLl6ppnF1YAQ==
  dependencies:
    "@microsoft/applicationinsights-core-js" "3.3.0"
    "@microsoft/applicationinsights-shims" "3.0.1"
    "@microsoft/dynamicproto-js" "^2.0.3"
    "@nevware21/ts-utils" ">= 0.11.3 < 2.x"

"@microsoft/applicationinsights-core-js@3.3.0":
  version "3.3.0"
  resolved "https://registry.yarnpkg.com/@microsoft/applicationinsights-core-js/-/applicationinsights-core-js-3.3.0.tgz#b4e4da3bd49c3d14107f7beb6152d5214324b214"
  integrity sha512-so0fFTqgZMjClH+MsiRYGspo5fpgwHEUYNMjyzpf9rjrY7FaUH8kkWzrQ3V0Cs4axZwf+WuIndtDOAws7aBmGQ==
  dependencies:
    "@microsoft/applicationinsights-shims" "3.0.1"
    "@microsoft/dynamicproto-js" "^2.0.3"
    "@nevware21/ts-async" ">= 0.5.2 < 2.x"
    "@nevware21/ts-utils" ">= 0.11.3 < 2.x"

"@microsoft/applicationinsights-shims@3.0.1":
  version "3.0.1"
  resolved "https://registry.yarnpkg.com/@microsoft/applicationinsights-shims/-/applicationinsights-shims-3.0.1.tgz#3865b73ace8405b9c4618cc5c571f2fe3876f06f"
  integrity sha512-DKwboF47H1nb33rSUfjqI6ryX29v+2QWcTrRvcQDA32AZr5Ilkr7whOOSsD1aBzwqX0RJEIP1Z81jfE3NBm/Lg==
  dependencies:
    "@nevware21/ts-utils" ">= 0.9.4 < 2.x"

"@microsoft/applicationinsights-web-basic@^3.1.2":
  version "3.3.0"
  resolved "https://registry.yarnpkg.com/@microsoft/applicationinsights-web-basic/-/applicationinsights-web-basic-3.3.0.tgz#e7fc5320d5f8f737d94fe3cdb39272d61aad5e22"
  integrity sha512-8+QcrgensCK44XuHMkW+zQXYchM6/f5gg0go/REVj5DpbE03L3jXNajSlBIALH8MzhGgcyPDlGmIt2OYztUMNQ==
  dependencies:
    "@microsoft/applicationinsights-channel-js" "3.3.0"
    "@microsoft/applicationinsights-common" "3.3.0"
    "@microsoft/applicationinsights-core-js" "3.3.0"
    "@microsoft/applicationinsights-shims" "3.0.1"
    "@microsoft/dynamicproto-js" "^2.0.3"
    "@nevware21/ts-async" ">= 0.5.2 < 2.x"
    "@nevware21/ts-utils" ">= 0.11.3 < 2.x"

"@microsoft/dynamicproto-js@^2.0.3":
  version "2.0.3"
  resolved "https://registry.yarnpkg.com/@microsoft/dynamicproto-js/-/dynamicproto-js-2.0.3.tgz#ae2b408061e3ff01a97078429fc768331e239256"
  integrity sha512-JTWTU80rMy3mdxOjjpaiDQsTLZ6YSGGqsjURsY6AUQtIj0udlF/jYmhdLZu8693ZIC0T1IwYnFa0+QeiMnziBA==
  dependencies:
    "@nevware21/ts-utils" ">= 0.10.4 < 2.x"

"@nevware21/ts-async@>= 0.5.2 < 2.x":
  version "0.5.2"
  resolved "https://registry.yarnpkg.com/@nevware21/ts-async/-/ts-async-0.5.2.tgz#a41883dc6ccc4666bdf156e92f35f3003fd3f6f0"
  integrity sha512-Zf2vUNjCw2vJsiVKhWXA9hCNHsn59AOSGa5jGP4tWrp/vTH9XrI4eG/65khuoAgrS83migj0Xv5/j6fUAz69Zw==
  dependencies:
    "@nevware21/ts-utils" ">= 0.11.3 < 2.x"

"@nevware21/ts-utils@>= 0.10.4 < 2.x", "@nevware21/ts-utils@>= 0.11.3 < 2.x":
  version "0.11.3"
  resolved "https://registry.yarnpkg.com/@nevware21/ts-utils/-/ts-utils-0.11.3.tgz#d0f032ade9540585a30a6453d962de613566d856"
  integrity sha512-oipW+tyKN68bREjoESYAzOZiatM+1LF+ez1TX3BaeinhCkI18xsLgmpH9tvwHaVgKf1Tsth25sdbXVtYmgRYvQ==

"@nevware21/ts-utils@>= 0.9.4 < 2.x":
  version "0.10.1"
  resolved "https://registry.yarnpkg.com/@nevware21/ts-utils/-/ts-utils-0.10.1.tgz#aa65abc71eba06749a396598f22263d26f796ac7"
  integrity sha512-pMny25NnF2/MJwdqC3Iyjm2pGIXNxni4AROpcqDeWa+td9JMUY4bUS9uU9XW+BoBRqTLUL+WURF9SOd/6OQzRg==

"@types/node@18.x":
  version "18.15.13"
  resolved "https://registry.yarnpkg.com/@types/node/-/node-18.15.13.tgz#f64277c341150c979e42b00e4ac289290c9df469"
  integrity sha512-N+0kuo9KgrUQ1Sn/ifDXsvg0TTleP7rIy4zOBGECxAljqvqfqpTfzx0Q1NUedOixRMBfe2Whhb056a42cWs26Q==

"@vscode/extension-telemetry@^0.9.6":
  version "0.9.6"
  resolved "https://registry.yarnpkg.com/@vscode/extension-telemetry/-/extension-telemetry-0.9.6.tgz#97041986ddae1ae80d3dec577e4ae107e8122f3f"
  integrity sha512-qWK2GNw+b69QRYpjuNM9g3JKToMICoNIdc0rQMtvb4gIG9vKKCZCVCz+ZOx6XM/YlfWAyuPiyxcjIY0xyF+Djg==
  dependencies:
    "@microsoft/1ds-core-js" "^4.1.2"
    "@microsoft/1ds-post-js" "^4.1.2"
    "@microsoft/applicationinsights-web-basic" "^3.1.2"

balanced-match@^1.0.0:
  version "1.0.0"
  resolved "https://registry.yarnpkg.com/balanced-match/-/balanced-match-1.0.0.tgz#89b4d199ab2bee49de164ea02b89ce462d71b767"
  integrity sha1-ibTRmasr7kneFk6gK4nORi1xt2c=

brace-expansion@^2.0.1:
  version "2.0.1"
  resolved "https://registry.yarnpkg.com/brace-expansion/-/brace-expansion-2.0.1.tgz#1edc459e0f0c548486ecf9fc99f2221364b9a0ae"
  integrity sha512-XnAIvQ8eM+kC6aULx6wuQiwVsnzsi9d3WxzV3FpWTGA19F621kwdbsAcFKXgKUHZWsy+mY6iL1sHTxWEFCytDA==
  dependencies:
    balanced-match "^1.0.0"

lru-cache@^6.0.0:
  version "6.0.0"
  resolved "https://registry.yarnpkg.com/lru-cache/-/lru-cache-6.0.0.tgz#6d6fe6570ebd96aaf90fcad1dafa3b2566db3a94"
  integrity sha512-Jo6dJ04CmSjuznwJSS3pUeWmd/H0ffTlkXXgwZi+eq1UCmqQwCh+eLsYOYCwY991i2Fah4h1BEMCx4qThGbsiA==
  dependencies:
    yallist "^4.0.0"

minimatch@^5.1.0:
  version "5.1.0"
  resolved "https://registry.yarnpkg.com/minimatch/-/minimatch-5.1.0.tgz#1717b464f4971b144f6aabe8f2d0b8e4511e09c7"
  integrity sha512-9TPBGGak4nHfGZsPBohm9AWg6NoT7QTCehS3BIJABslyZbzxfV78QM2Y6+i741OPZIafFAaiiEMh5OyIrJPgtg==
  dependencies:
    brace-expansion "^2.0.1"

request-light@^0.7.0:
  version "0.7.0"
  resolved "https://registry.yarnpkg.com/request-light/-/request-light-0.7.0.tgz#885628bb2f8040c26401ebf258ec51c4ae98ac2a"
  integrity sha512-lMbBMrDoxgsyO+yB3sDcrDuX85yYt7sS8BfQd11jtbW/z5ZWgLZRcEGLsLoYw7I0WSUGQBs8CC8ScIxkTX1+6Q==

semver@^7.3.7:
  version "7.5.4"
  resolved "https://registry.yarnpkg.com/semver/-/semver-7.5.4.tgz#483986ec4ed38e1c6c48c34894a9182dbff68a6e"
  integrity sha512-1bCSESV6Pv+i21Hvpxp3Dx+pSD8lIPt8uVjRrxAUt/nbswYc+tK6Y2btiULjd4+fnq15PX+nqQDC7Oft7WkwcA==
  dependencies:
    lru-cache "^6.0.0"

vscode-jsonrpc@8.2.0:
  version "8.2.0"
  resolved "https://registry.yarnpkg.com/vscode-jsonrpc/-/vscode-jsonrpc-8.2.0.tgz#f43dfa35fb51e763d17cd94dcca0c9458f35abf9"
  integrity sha512-C+r0eKJUIfiDIfwJhria30+TYWPtuHJXHtI7J0YlOmKAo7ogxP20T0zxB7HZQIFhIyvoBPwWskjxrvAtfjyZfA==

vscode-languageclient@^9.0.1:
  version "9.0.1"
  resolved "https://registry.yarnpkg.com/vscode-languageclient/-/vscode-languageclient-9.0.1.tgz#cdfe20267726c8d4db839dc1e9d1816e1296e854"
  integrity sha512-JZiimVdvimEuHh5olxhxkht09m3JzUGwggb5eRUkzzJhZ2KjCN0nh55VfiED9oez9DyF8/fz1g1iBV3h+0Z2EA==
  dependencies:
    minimatch "^5.1.0"
    semver "^7.3.7"
    vscode-languageserver-protocol "3.17.5"

vscode-languageserver-protocol@3.17.5:
  version "3.17.5"
  resolved "https://registry.yarnpkg.com/vscode-languageserver-protocol/-/vscode-languageserver-protocol-3.17.5.tgz#864a8b8f390835572f4e13bd9f8313d0e3ac4bea"
  integrity sha512-mb1bvRJN8SVznADSGWM9u/b07H7Ecg0I3OgXDuLdn307rl/J3A9YD6/eYOssqhecL27hK1IPZAsaqh00i/Jljg==
  dependencies:
    vscode-jsonrpc "8.2.0"
    vscode-languageserver-types "3.17.5"

vscode-languageserver-types@3.17.5:
  version "3.17.5"
  resolved "https://registry.yarnpkg.com/vscode-languageserver-types/-/vscode-languageserver-types-3.17.5.tgz#3273676f0cf2eab40b3f44d085acbb7f08a39d8a"
  integrity sha512-Ld1VelNuX9pdF39h2Hgaeb5hEZM2Z3jUrrMgWQAu82jMtZp7p3vJT3BzToKtZI7NgQssZje5o0zryOrhQvzQAg==

yallist@^4.0.0:
  version "4.0.0"
  resolved "https://registry.yarnpkg.com/yallist/-/yallist-4.0.0.tgz#9bb92790d9c0effec63be73519e11a35019a3a72"
  integrity sha512-3wdGidZyq5PB084XLES5TpOSRA3wjXAlIWMhum2kRcv/41Sn2emQ0dycQW4uZXLejwKvg6EsvbdlVL+FYEct7A==
