# THIS IS AN AUTOGENERATED FILE. DO NOT EDIT THIS FILE DIRECTLY.
# yarn lockfile v1


"@microsoft/1ds-core-js@3.2.3", "@microsoft/1ds-core-js@^3.2.3":
  version "3.2.3"
  resolved "https://registry.yarnpkg.com/@microsoft/1ds-core-js/-/1ds-core-js-3.2.3.tgz#2217d92ec8b073caa4577a13f40ea3a5c4c4d4e7"
  integrity sha512-796A8fd90oUKDRO7UXUT9BwZ3G+a9XzJj5v012FcCN/2qRhEsIV3x/0wkx2S08T4FiQEUPkB2uoYHpEjEneM7g==
  dependencies:
    "@microsoft/applicationinsights-core-js" "2.8.4"
    "@microsoft/applicationinsights-shims" "^2.0.1"
    "@microsoft/dynamicproto-js" "^1.1.6"

"@microsoft/1ds-post-js@^3.2.3":
  version "3.2.3"
  resolved "https://registry.yarnpkg.com/@microsoft/1ds-post-js/-/1ds-post-js-3.2.3.tgz#1fa7d51615a44f289632ae8c588007ba943db216"
  integrity sha512-tcGJQXXr2LYoBbIXPoUVe1KCF3OtBsuKDFL7BXfmNtuSGtWF0yejm6H83DrR8/cUIGMRMUP9lqNlqFGwDYiwAQ==
  dependencies:
    "@microsoft/1ds-core-js" "3.2.3"
    "@microsoft/applicationinsights-shims" "^2.0.1"
    "@microsoft/dynamicproto-js" "^1.1.6"

"@microsoft/applicationinsights-core-js@2.8.4":
  version "2.8.4"
  resolved "https://registry.yarnpkg.com/@microsoft/applicationinsights-core-js/-/applicationinsights-core-js-2.8.4.tgz#607e531bb241a8920d43960f68a7c76a6f9af596"
  integrity sha512-FoA0FNOsFbJnLyTyQlYs6+HR7HMEa6nAOE6WOm9WVejBHMHQ/Bdb+hfVFi6slxwCimr/ner90jchi4/sIYdnyQ==
  dependencies:
    "@microsoft/applicationinsights-shims" "2.0.1"
    "@microsoft/dynamicproto-js" "^1.1.6"

"@microsoft/applicationinsights-shims@2.0.1", "@microsoft/applicationinsights-shims@^2.0.1":
  version "2.0.1"
  resolved "https://registry.yarnpkg.com/@microsoft/applicationinsights-shims/-/applicationinsights-shims-2.0.1.tgz#5d72fb7aaf4056c4fda54f9d7c93ccf8ca9bcbfd"
  integrity sha512-G0MXf6R6HndRbDy9BbEj0zrLeuhwt2nsXk2zKtF0TnYo39KgYqhYC2ayIzKPTm2KAE+xzD7rgyLdZnrcRvt9WQ==

"@microsoft/dynamicproto-js@^1.1.6":
  version "1.1.6"
  resolved "https://registry.yarnpkg.com/@microsoft/dynamicproto-js/-/dynamicproto-js-1.1.6.tgz#6fe03468862861f5f88ac4c3959a652b3797f1bc"
  integrity sha512-D1Oivw1A4bIXhzBIy3/BBPn3p2On+kpO2NiYt9shICDK7L/w+cR6FFBUsBZ05l6iqzTeL+Jm8lAYn0g6G7DmDg==

"@types/node@16.x":
  version "16.11.6"
  resolved "https://registry.yarnpkg.com/@types/node/-/node-16.11.6.tgz#6bef7a2a0ad684cf6e90fcfe31cecabd9ce0a3ae"
  integrity sha512-ua7PgUoeQFjmWPcoo9khiPum3Pd60k4/2ZGXt18sm2Slk0W0xZTqt5Y0Ny1NyBiN1EVQ/+FaF9NcY4Qe6rwk5w==

"@vscode/extension-telemetry@0.6.2":
  version "0.6.2"
  resolved "https://registry.yarnpkg.com/@vscode/extension-telemetry/-/extension-telemetry-0.6.2.tgz#b86814ee680615730da94220c2b03ea9c3c14a8e"
  integrity sha512-yb/wxLuaaCRcBAZtDCjNYSisAXz3FWsSqAha5nhHcYxx2ZPdQdWuZqVXGKq0ZpHVndBWWtK6XqtpCN2/HB4S1w==
  dependencies:
    "@microsoft/1ds-core-js" "^3.2.3"
    "@microsoft/1ds-post-js" "^3.2.3"

balanced-match@^1.0.0:
  version "1.0.0"
  resolved "https://registry.yarnpkg.com/balanced-match/-/balanced-match-1.0.0.tgz#89b4d199ab2bee49de164ea02b89ce462d71b767"
  integrity sha1-ibTRmasr7kneFk6gK4nORi1xt2c=

brace-expansion@^2.0.1:
  version "2.0.1"
  resolved "https://registry.yarnpkg.com/brace-expansion/-/brace-expansion-2.0.1.tgz#1edc459e0f0c548486ecf9fc99f2221364b9a0ae"
  integrity sha512-XnAIvQ8eM+kC6aULx6wuQiwVsnzsi9d3WxzV3FpWTGA19F621kwdbsAcFKXgKUHZWsy+mY6iL1sHTxWEFCytDA==
  dependencies:
    balanced-match "^1.0.0"

lru-cache@^6.0.0:
  version "6.0.0"
  resolved "https://registry.yarnpkg.com/lru-cache/-/lru-cache-6.0.0.tgz#6d6fe6570ebd96aaf90fcad1dafa3b2566db3a94"
  integrity sha512-Jo6dJ04CmSjuznwJSS3pUeWmd/H0ffTlkXXgwZi+eq1UCmqQwCh+eLsYOYCwY991i2Fah4h1BEMCx4qThGbsiA==
  dependencies:
    yallist "^4.0.0"

minimatch@^5.1.0:
  version "5.1.0"
  resolved "https://registry.yarnpkg.com/minimatch/-/minimatch-5.1.0.tgz#1717b464f4971b144f6aabe8f2d0b8e4511e09c7"
  integrity sha512-9TPBGGak4nHfGZsPBohm9AWg6NoT7QTCehS3BIJABslyZbzxfV78QM2Y6+i741OPZIafFAaiiEMh5OyIrJPgtg==
  dependencies:
    brace-expansion "^2.0.1"

request-light@^0.5.8:
  version "0.5.8"
  resolved "https://registry.yarnpkg.com/request-light/-/request-light-0.5.8.tgz#8bf73a07242b9e7b601fac2fa5dc22a094abcc27"
  integrity sha512-3Zjgh+8b5fhRJBQZoy+zbVKpAQGLyka0MPgW3zruTF4dFFJ8Fqcfu9YsAvi/rvdcaTeWG3MkbZv4WKxAn/84Lg==

semver@^7.3.7:
  version "7.3.7"
  resolved "https://registry.yarnpkg.com/semver/-/semver-7.3.7.tgz#12c5b649afdbf9049707796e22a4028814ce523f"
  integrity sha512-QlYTucUYOews+WeEujDoEGziz4K6c47V/Bd+LjSSYcA94p+DmINdf7ncaUinThfvZyu13lN9OY1XDxt8C0Tw0g==
  dependencies:
    lru-cache "^6.0.0"

vscode-jsonrpc@8.1.0-next.1:
  version "8.1.0-next.1"
  resolved "https://registry.yarnpkg.com/vscode-jsonrpc/-/vscode-jsonrpc-8.1.0-next.1.tgz#7c38cb1cbd968c409522593004fdac845a55b155"
  integrity sha512-FiPG+9TuMIga3t+kkalQytwqMtJu1djI+Pq+Ut2tvAJpcNHDJ0PYdjFv5mgEvTEJLujrYwjWHVkNe+XfHPBD/w==

vscode-languageclient@^8.1.0-next.1:
  version "8.1.0-next.1"
  resolved "https://registry.yarnpkg.com/vscode-languageclient/-/vscode-languageclient-8.1.0-next.1.tgz#44b63bc2d215c13f1dea1dc54267a354ea5451cb"
  integrity sha512-lJraJ8IrqXr83ZciAs4dN32f9kEPuOb/FqAeUTgnW5cAxo0Qux0/EMgKyU33Qf9LdEI0I9iwRVxQWtawbyUUfg==
  dependencies:
    minimatch "^5.1.0"
    semver "^7.3.7"
    vscode-languageserver-protocol "3.17.3-next.1"

vscode-languageserver-protocol@3.17.3-next.1:
  version "3.17.3-next.1"
  resolved "https://registry.yarnpkg.com/vscode-languageserver-protocol/-/vscode-languageserver-protocol-3.17.3-next.1.tgz#804880c172b4c48d1a48a91c4c23250121effb19"
  integrity sha512-vgjvPE0zox+1Fi4ljsSFJ+B3g8wGNbuAEEdulueVdv+R2VHtc06+dgxhWiG4LKPqXwjPDmiuxCnvd2xk3fzTTw==
  dependencies:
    vscode-jsonrpc "8.1.0-next.1"
    vscode-languageserver-types "3.17.2"

vscode-languageserver-types@3.17.2:
  version "3.17.2"
  resolved "https://registry.yarnpkg.com/vscode-languageserver-types/-/vscode-languageserver-types-3.17.2.tgz#b2c2e7de405ad3d73a883e91989b850170ffc4f2"
  integrity sha512-zHhCWatviizPIq9B7Vh9uvrH6x3sK8itC84HkamnBWoDFJtzBf7SWlpLCZUit72b3os45h6RWQNC9xHRDF8dRA==

vscode-nls@^5.2.0:
  version "5.2.0"
  resolved "https://registry.yarnpkg.com/vscode-nls/-/vscode-nls-5.2.0.tgz#3cb6893dd9bd695244d8a024bdf746eea665cc3f"
  integrity sha512-RAaHx7B14ZU04EU31pT+rKz2/zSl7xMsfIZuo8pd+KZO6PXtQmpevpq3vxvWNcrGbdmhM/rr5Uw5Mz+NBfhVng==

yallist@^4.0.0:
  version "4.0.0"
  resolved "https://registry.yarnpkg.com/yallist/-/yallist-4.0.0.tgz#9bb92790d9c0effec63be73519e11a35019a3a72"
  integrity sha512-3wdGidZyq5PB084XLES5TpOSRA3wjXAlIWMhum2kRcv/41Sn2emQ0dycQW4uZXLejwKvg6EsvbdlVL+FYEct7A==
