{
  "name": "typescript",
  "version": "0.10.1",
  "lockfileVersion": 1,
  "dependencies": {
    "@types/node": {
      "version": "7.0.32",
      "resolved": "https://registry.npmjs.org/@types/node/-/node-7.0.32.tgz",
      "integrity": "sha512-7+0Ai8r8Xt6NNVM0Eo+XSqiZsBUYXg2yrCwyBhQzSfFHTGQWzFv/pk9106vPR8HWjKmGK+zzUj244POs4xfO2g==",
      "dev": true
    },
    "@types/semver": {
      "version": "5.3.31",
      "resolved": "https://registry.npmjs.org/@types/semver/-/semver-5.3.31.tgz",
      "integrity": "sha1-uZnX2TX0P1IHsBsA094ghS9Mp18=",
      "dev": true
    },
    "applicationinsights": {
      "version": "https://registry.npmjs.org/applicationinsights/-/applicationinsights-0.18.0.tgz",
      "integrity": "sha1-Fi67SKODQIvE3kTbMrQXMH9Fu8E="
    },
    "semver": {
      "version": "https://registry.npmjs.org/semver/-/semver-4.3.6.tgz",
      "integrity": "sha1-MAvG4OhjdPe6YQaLWx7NV/xlMto="
    },
    "vscode-extension-telemetry": {
      "version": "https://registry.npmjs.org/vscode-extension-telemetry/-/vscode-extension-telemetry-0.0.6.tgz",
      "integrity": "sha1-X0CO+QYMBSNxpcBJOsHfu+FEgjE="
    },
    "vscode-nls": {
      "version": "https://registry.npmjs.org/vscode-nls/-/vscode-nls-2.0.1.tgz",
      "integrity": "sha1-eFOGbjP5xQykFeUblkDQgYAONsY="
    },
    "winreg": {
      "version": "https://registry.npmjs.org/winreg/-/winreg-1.2.3.tgz",
      "integrity": "sha1-k60RayaW2ofVj3JlqPzqUlSpZdU="
    }
  }
}
