# THIS IS AN AUTOGENERATED FILE. DO NOT EDIT THIS FILE DIRECTLY.
# yarn lockfile v1


"@emmetio/abbreviation@^2.0.2":
  version "2.0.2"
  resolved "https://registry.yarnpkg.com/@emmetio/abbreviation/-/abbreviation-2.0.2.tgz#e26d55d78c00cdeb2ef983e902c7ad55ed0b648d"
  integrity sha512-kpWg6jyR1YEj/yWceruvDj/fe1BhXqA0tGH3Z2ZiPFo8SDMH4JHg6FChqon5x0CCfLf4zVswrQa0gcZ4XtdRBQ==
  dependencies:
    "@emmetio/scanner" "^1.0.0"

"@emmetio/css-abbreviation@^2.1.2":
  version "2.1.2"
  resolved "https://registry.yarnpkg.com/@emmetio/css-abbreviation/-/css-abbreviation-2.1.2.tgz#4a5d96f2576dd827a2c1a060374ffa8a5408cc1c"
  integrity sha512-CvYTzJltVpLqJaCZ1Qn97LVAKsl2Uwl2fzir1EX/WuMY3xWxgc3BWRCheL6k65km6GyDrLVl6RhrrNb/pxOiAQ==
  dependencies:
    "@emmetio/scanner" "^1.0.0"

"@emmetio/css-parser@ramya-rao-a/css-parser#vscode":
  version "0.4.0"
  resolved "https://codeload.github.com/ramya-rao-a/css-parser/tar.gz/370c480ac103bd17c7bcfb34bf5d577dc40d3660"
  dependencies:
    "@emmetio/stream-reader" "^2.2.0"
    "@emmetio/stream-reader-utils" "^0.1.0"

"@emmetio/html-matcher@^0.3.3":
  version "0.3.3"
  resolved "https://registry.yarnpkg.com/@emmetio/html-matcher/-/html-matcher-0.3.3.tgz#0bbdadc0882e185950f03737dc6dbf8f7bd90728"
  integrity sha1-C72twIguGFlQ8Dc33G2/j3vZByg=
  dependencies:
    "@emmetio/stream-reader" "^2.0.0"
    "@emmetio/stream-reader-utils" "^0.1.0"

"@emmetio/math-expression@^1.0.4":
  version "1.0.4"
  resolved "https://registry.yarnpkg.com/@emmetio/math-expression/-/math-expression-1.0.4.tgz#cb657ed944f82b3728f863bf5ece1b1ff3ae7497"
  integrity sha512-1m7y8/VeXCAfgFoPGTerbqCIadApcIINujd3TaM/LRLPPKiod8aT1PPmh542spnsUSsSnZJjbuF7xiO4WFA42g==
  dependencies:
    "@emmetio/scanner" "^1.0.0"

"@emmetio/scanner@^1.0.0":
  version "1.0.0"
  resolved "https://registry.yarnpkg.com/@emmetio/scanner/-/scanner-1.0.0.tgz#065b2af6233fe7474d44823e3deb89724af42b5f"
  integrity sha512-8HqW8EVqjnCmWXVpqAOZf+EGESdkR27odcMMMGefgKXtar00SoYNSryGv//TELI4T3QFsECo78p+0lmalk/CFA==

"@emmetio/stream-reader-utils@^0.1.0":
  version "0.1.0"
  resolved "https://registry.yarnpkg.com/@emmetio/stream-reader-utils/-/stream-reader-utils-0.1.0.tgz#244cb02c77ec2e74f78a9bd318218abc9c500a61"
  integrity sha1-JEywLHfsLnT3ipvTGCGKvJxQCmE=

"@emmetio/stream-reader@^2.0.0", "@emmetio/stream-reader@^2.2.0":
  version "2.2.0"
  resolved "https://registry.yarnpkg.com/@emmetio/stream-reader/-/stream-reader-2.2.0.tgz#46cffea119a0a003312a21c2d9b5628cb5fcd442"
  integrity sha1-Rs/+oRmgoAMxKiHC2bVijLX81EI=

"@types/node@^12.11.7":
  version "12.19.4"
  resolved "https://registry.yarnpkg.com/@types/node/-/node-12.19.4.tgz#cdfbb62e26c7435ed9aab9c941393cc3598e9b46"
  integrity sha512-o3oj1bETk8kBwzz1WlO6JWL/AfAA3Vm6J1B3C9CsdxHYp7XgPiH7OEXPUbZTndHlRaIElrANkQfe6ZmfJb3H2w==

emmet@^2.1.5:
  version "2.1.6"
  resolved "https://registry.yarnpkg.com/emmet/-/emmet-2.1.6.tgz#425e0bcef6bf6e5eb758610f3e8d49f86a6fe877"
  integrity sha512-kfJMlze+k8jpX5CUx7xPYS83DxRNXuh8rQ98rQKnnf+wfo/KD+BG6pmpnEp5a7a1DWM9xmllKuOPfC7MeRmepQ==
  dependencies:
    "@emmetio/abbreviation" "^2.0.2"
    "@emmetio/css-abbreviation" "^2.1.2"

image-size@^0.5.2:
  version "0.5.5"
  resolved "https://registry.yarnpkg.com/image-size/-/image-size-0.5.5.tgz#09dfd4ab9d20e29eb1c3e80b8990378df9e3cb9c"
  integrity sha1-Cd/Uq50g4p6xw+gLiZA3jfnjy5w=

jsonc-parser@^2.3.0:
  version "2.3.1"
  resolved "https://registry.yarnpkg.com/jsonc-parser/-/jsonc-parser-2.3.1.tgz#59549150b133f2efacca48fe9ce1ec0659af2342"
  integrity sha512-H8jvkz1O50L3dMZCsLqiuB2tA7muqbSg1AtGEkN0leAqGjsUzDJir3Zwr02BhqdcITPg3ei3mZ+HjMocAknhhg==

vscode-emmet-helper@~2.0.0:
  version "2.0.9"
  resolved "https://registry.yarnpkg.com/vscode-emmet-helper/-/vscode-emmet-helper-2.0.9.tgz#16244c087cba4e379116f268384bb644649db6ad"
  integrity sha512-S6RjnR9gUicl8LsYnQAMNqqOxolud9gcj+NpPyEnxfxp1YIBuC9oetj6l6N9VMZBWu6tL77wmf+/EJsRx1PDPA==
  dependencies:
    emmet "^2.1.5"
    jsonc-parser "^2.3.0"
    vscode-languageserver-textdocument "^1.0.1"
    vscode-languageserver-types "^3.15.1"
    vscode-nls "^5.0.0"
    vscode-uri "^2.1.2"

vscode-html-languageservice@^3.0.3:
  version "3.1.4"
  resolved "https://registry.yarnpkg.com/vscode-html-languageservice/-/vscode-html-languageservice-3.1.4.tgz#0316dff77ee38dc176f40560cbf55e4f64f4f433"
  integrity sha512-3M+bm+hNvwQcScVe5/ok9BXvctOiGJ4nlOkkFf+WKSDrYNkarZ/RByKOa1/iylbvZxJUPzbeziembWPe/dMvhw==
  dependencies:
    vscode-languageserver-textdocument "^1.0.1"
    vscode-languageserver-types "3.16.0-next.2"
    vscode-nls "^5.0.0"
    vscode-uri "^2.1.2"

vscode-languageserver-textdocument@^1.0.1:
  version "1.0.1"
  resolved "https://registry.yarnpkg.com/vscode-languageserver-textdocument/-/vscode-languageserver-textdocument-1.0.1.tgz#178168e87efad6171b372add1dea34f53e5d330f"
  integrity sha512-UIcJDjX7IFkck7cSkNNyzIz5FyvpQfY7sdzVy+wkKN/BLaD4DQ0ppXQrKePomCxTS7RrolK1I0pey0bG9eh8dA==

vscode-languageserver-types@3.16.0-next.2:
  version "3.16.0-next.2"
  resolved "https://registry.yarnpkg.com/vscode-languageserver-types/-/vscode-languageserver-types-3.16.0-next.2.tgz#940bd15c992295a65eae8ab6b8568a1e8daa3083"
  integrity sha512-QjXB7CKIfFzKbiCJC4OWC8xUncLsxo19FzGVp/ADFvvi87PlmBSCAtZI5xwGjF5qE0xkLf0jjKUn3DzmpDP52Q==

vscode-languageserver-types@^3.15.1:
  version "3.15.1"
  resolved "https://registry.yarnpkg.com/vscode-languageserver-types/-/vscode-languageserver-types-3.15.1.tgz#17be71d78d2f6236d414f0001ce1ef4d23e6b6de"
  integrity sha512-+a9MPUQrNGRrGU630OGbYVQ+11iOIovjCkqxajPa9w57Sd5ruK8WQNsslzpa0x/QJqC8kRc2DUxWjIFwoNm4ZQ==

vscode-nls@^5.0.0:
  version "5.0.0"
  resolved "https://registry.yarnpkg.com/vscode-nls/-/vscode-nls-5.0.0.tgz#99f0da0bd9ea7cda44e565a74c54b1f2bc257840"
  integrity sha512-u0Lw+IYlgbEJFF6/qAqG2d1jQmJl0eyAGJHoAJqr2HT4M2BNuQYSEiSE75f52pXHSJm8AlTjnLLbBFPrdz2hpA==

vscode-uri@^2.1.2:
  version "2.1.2"
  resolved "https://registry.yarnpkg.com/vscode-uri/-/vscode-uri-2.1.2.tgz#c8d40de93eb57af31f3c715dd650e2ca2c096f1c"
  integrity sha512-8TEXQxlldWAuIODdukIb+TR5s+9Ds40eSJrw+1iDDA9IFORPjMELarNQE3myz5XIkWWpdprmJjm1/SxMlWOC8A==
