# THIS IS AN AUTOGENERATED FILE. DO NOT EDIT THIS FILE DIRECTLY.
# yarn lockfile v1


adiff@~0.2.4:
  version "0.2.13"
  resolved "https://registry.yarnpkg.com/adiff/-/adiff-0.2.13.tgz#dc3dd32f944d97f277eba58ce52997adff1f7728"
  integrity sha512-EeKiARTSOy/Tah9RXE83g/PmW1gLQdRKTYiX6c1+OWjzWaJPqbECKvSVB1kejSPQSYJJah0JhuTUsU3CerEH6Q==

strip-bom@4:
  version "4.0.0"
  resolved "https://registry.yarnpkg.com/strip-bom/-/strip-bom-4.0.0.tgz#9c3505c1db45bcedca3d9cf7a16f5c5aa3901878"
  integrity sha512-3xurFv5tEgii33Zi8Jtp55wEIILR9eh34FAW00PZf+JnSsTmV/ioewSgQl97JHvgjoRGwPShsWm+IdrxB35d0w==

xdiff@^0.2.11:
  version "0.2.11"
  resolved "https://registry.yarnpkg.com/xdiff/-/xdiff-0.2.11.tgz#723d523e1b6f265a233cafc77860622ea5d2d8c8"
  integrity sha512-724yjHkwZyON3AqfmlEDLKPHJS0y3kxK8/oHtMu3qfDrESAGymv1QiKk5htK49fSMirRZmeAg2ocudWsiVvr8g==
  dependencies:
    adiff "~0.2.4"
