{
  "name": "php",
  "version": "0.1.0",
  "lockfileVersion": 1,
  "requires": true,
  "dependencies": {
    "vscode-nls": {
      "version": "1.0.7",
      "resolved": "https://registry.npmjs.org/vscode-nls/-/vscode-nls-1.0.7.tgz",
      "integrity": "sha1-KYwB/Oh4AsZEwKFe9SajPGLA1Y4="
    }
  }
}
